// !$*UTF8*$!
{
	archiveVersion = 1;
	classes = {
	};
	objectVersion = 45;
	objects = {

/* Begin PBXBuildFile section */
		8D15AC320486D014006FF6A4 /* main.m in Sources */ = {isa = PBXBuildFile; fileRef = 2A37F4B0FDCFA73011CA2CEA /* main.m */; settings = {ATTRIBUTES = (); }; };
		8D15AC340486D014006FF6A4 /* Cocoa.framework in Frameworks */ = {isa = PBXBuildFile; fileRef = 1058C7A7FEA54F5311CA2CBB /* Cocoa.framework */; };
		FA00BBB90ECCEEFD00D99FE2 /* SS_PrefsController.m in Sources */ = {isa = PBXBuildFile; fileRef = FA00BBB80ECCEEFD00D99FE2 /* SS_PrefsController.m */; };
		FA00BBBF0ECCEF2100D99FE2 /* DPGrowl.m in Sources */ = {isa = PBXBuildFile; fileRef = FA00BBBC0ECCEF2100D99FE2 /* DPGrowl.m */; };
		FA00BBC00ECCEF2100D99FE2 /* DPLoginItem.m in Sources */ = {isa = PBXBuildFile; fileRef = FA00BBBE0ECCEF2100D99FE2 /* DPLoginItem.m */; };
		FA5AA9400EF9A80500391976 /* AutoHyperlinks.framework in Frameworks */ = {isa = PBXBuildFile; fileRef = FA5AA93F0EF9A80500391976 /* AutoHyperlinks.framework */; };
		FA5AA94B0EF9A8A900391976 /* AutoHyperlinks.framework in Copy Frameworks */ = {isa = PBXBuildFile; fileRef = FA5AA93F0EF9A80500391976 /* AutoHyperlinks.framework */; };
		FA8C82790ED042F200BF56F9 /* MainMenu.xib in Resources */ = {isa = PBXBuildFile; fileRef = FA8C82780ED042F200BF56F9 /* MainMenu.xib */; };
		FA8E1CBD0ECA2C76003D74C4 /* MGTwitterEngine.m in Sources */ = {isa = PBXBuildFile; fileRef = FA8E1C9E0ECA2C75003D74C4 /* MGTwitterEngine.m */; };
		FA8E1CBE0ECA2C76003D74C4 /* MGTwitterHTTPURLConnection.m in Sources */ = {isa = PBXBuildFile; fileRef = FA8E1CA20ECA2C75003D74C4 /* MGTwitterHTTPURLConnection.m */; };
		FA8E1CBF0ECA2C76003D74C4 /* MGTwitterLibXMLParser.m in Sources */ = {isa = PBXBuildFile; fileRef = FA8E1CA40ECA2C75003D74C4 /* MGTwitterLibXMLParser.m */; };
		FA8E1CC00ECA2C76003D74C4 /* MGTwitterMessagesLibXMLParser.m in Sources */ = {isa = PBXBuildFile; fileRef = FA8E1CA60ECA2C75003D74C4 /* MGTwitterMessagesLibXMLParser.m */; };
		FA8E1CC10ECA2C76003D74C4 /* MGTwitterMessagesParser.m in Sources */ = {isa = PBXBuildFile; fileRef = FA8E1CA80ECA2C75003D74C4 /* MGTwitterMessagesParser.m */; };
		FA8E1CC20ECA2C76003D74C4 /* MGTwitterMiscLibXMLParser.m in Sources */ = {isa = PBXBuildFile; fileRef = FA8E1CAA0ECA2C75003D74C4 /* MGTwitterMiscLibXMLParser.m */; };
		FA8E1CC30ECA2C76003D74C4 /* MGTwitterMiscParser.m in Sources */ = {isa = PBXBuildFile; fileRef = FA8E1CAC0ECA2C75003D74C4 /* MGTwitterMiscParser.m */; };
		FA8E1CC40ECA2C76003D74C4 /* MGTwitterStatusesLibXMLParser.m in Sources */ = {isa = PBXBuildFile; fileRef = FA8E1CB00ECA2C75003D74C4 /* MGTwitterStatusesLibXMLParser.m */; };
		FA8E1CC50ECA2C76003D74C4 /* MGTwitterStatusesParser.m in Sources */ = {isa = PBXBuildFile; fileRef = FA8E1CB20ECA2C76003D74C4 /* MGTwitterStatusesParser.m */; };
		FA8E1CC60ECA2C76003D74C4 /* MGTwitterUsersLibXMLParser.m in Sources */ = {isa = PBXBuildFile; fileRef = FA8E1CB40ECA2C76003D74C4 /* MGTwitterUsersLibXMLParser.m */; };
		FA8E1CC70ECA2C76003D74C4 /* MGTwitterUsersParser.m in Sources */ = {isa = PBXBuildFile; fileRef = FA8E1CB60ECA2C76003D74C4 /* MGTwitterUsersParser.m */; };
		FA8E1CC80ECA2C76003D74C4 /* MGTwitterXMLParser.m in Sources */ = {isa = PBXBuildFile; fileRef = FA8E1CB80ECA2C76003D74C4 /* MGTwitterXMLParser.m */; };
		FA8E1CC90ECA2C76003D74C4 /* NSData+Base64.m in Sources */ = {isa = PBXBuildFile; fileRef = FA8E1CBA0ECA2C76003D74C4 /* NSData+Base64.m */; };
		FA8E1CCA0ECA2C76003D74C4 /* NSString+UUID.m in Sources */ = {isa = PBXBuildFile; fileRef = FA8E1CBC0ECA2C76003D74C4 /* NSString+UUID.m */; };
		FA8E1CCD0ECA2CB7003D74C4 /* Carbon.framework in Frameworks */ = {isa = PBXBuildFile; fileRef = FA8E1CCB0ECA2CB7003D74C4 /* Carbon.framework */; };
		FA8E1CCE0ECA2CB8003D74C4 /* Security.framework in Frameworks */ = {isa = PBXBuildFile; fileRef = FA8E1CCC0ECA2CB7003D74C4 /* Security.framework */; };
		FA8E1F1A0ECA2D2E003D74C4 /* EMKeychainItem.m in Sources */ = {isa = PBXBuildFile; fileRef = FA8E1F170ECA2D2E003D74C4 /* EMKeychainItem.m */; };
		FA8E1F1B0ECA2D2E003D74C4 /* EMKeychainProxy.m in Sources */ = {isa = PBXBuildFile; fileRef = FA8E1F190ECA2D2E003D74C4 /* EMKeychainProxy.m */; };
		FA908E9B0ECD5D720057CC67 /* TweetHUDController.m in Sources */ = {isa = PBXBuildFile; fileRef = FA908E9A0ECD5D720057CC67 /* TweetHUDController.m */; };
		FA987B560ED21E47001758C1 /* DPTransparentWindow.m in Sources */ = {isa = PBXBuildFile; fileRef = FA987B550ED21E47001758C1 /* DPTransparentWindow.m */; };
		FA987B5B0ED21EF1001758C1 /* DPRoundedView.m in Sources */ = {isa = PBXBuildFile; fileRef = FA987B5A0ED21EF1001758C1 /* DPRoundedView.m */; };
		FABDC2050EFEFDE90076A763 /* DPBitlyEngine.m in Sources */ = {isa = PBXBuildFile; fileRef = FABDC2040EFEFDE90076A763 /* DPBitlyEngine.m */; };
		FAC2BEC80ECCD69500265115 /* MenuController.m in Sources */ = {isa = PBXBuildFile; fileRef = FAC2BEC70ECCD69500265115 /* MenuController.m */; };
		FAC2BECB0ECCD6B200265115 /* WindowController.m in Sources */ = {isa = PBXBuildFile; fileRef = FAC2BECA0ECCD6B200265115 /* WindowController.m */; };
		FAC2BEDA0ECCDD2B00265115 /* TweetHUD.xib in Resources */ = {isa = PBXBuildFile; fileRef = FAC2BED90ECCDD2B00265115 /* TweetHUD.xib */; };
		FAC2BF180ECCE72B00265115 /* BGHUDAppKit.framework in Frameworks */ = {isa = PBXBuildFile; fileRef = FAC2BF150ECCE72B00265115 /* BGHUDAppKit.framework */; };
		FAC2BF190ECCE72C00265115 /* Growl.framework in Frameworks */ = {isa = PBXBuildFile; fileRef = FAC2BF160ECCE72B00265115 /* Growl.framework */; };
		FAC2BF1A0ECCE72C00265115 /* Sparkle.framework in Frameworks */ = {isa = PBXBuildFile; fileRef = FAC2BF170ECCE72B00265115 /* Sparkle.framework */; };
		FAC2BF680ECCE75600265115 /* BGHUDAppKit.framework in Copy Frameworks */ = {isa = PBXBuildFile; fileRef = FAC2BF150ECCE72B00265115 /* BGHUDAppKit.framework */; };
		FAC2BF690ECCE75600265115 /* Growl.framework in Copy Frameworks */ = {isa = PBXBuildFile; fileRef = FAC2BF160ECCE72B00265115 /* Growl.framework */; };
		FAC2BF6A0ECCE75600265115 /* Sparkle.framework in Copy Frameworks */ = {isa = PBXBuildFile; fileRef = FAC2BF170ECCE72B00265115 /* Sparkle.framework */; };
		FACA988F0EF522B20085F34F /* Carbon.framework in Frameworks */ = {isa = PBXBuildFile; fileRef = FA8E1CCB0ECA2CB7003D74C4 /* Carbon.framework */; };
		FACA98900EF522B20085F34F /* Security.framework in Frameworks */ = {isa = PBXBuildFile; fileRef = FA8E1CCC0ECA2CB7003D74C4 /* Security.framework */; };
		FACA98930EF522BF0085F34F /* EMKeychainItem.m in Sources */ = {isa = PBXBuildFile; fileRef = FA8E1F170ECA2D2E003D74C4 /* EMKeychainItem.m */; };
		FACA98940EF522BF0085F34F /* EMKeychainProxy.m in Sources */ = {isa = PBXBuildFile; fileRef = FA8E1F190ECA2D2E003D74C4 /* EMKeychainProxy.m */; };
		FACA9A660EF55B120085F34F /* MGTwitterEngine.m in Sources */ = {isa = PBXBuildFile; fileRef = FA8E1C9E0ECA2C75003D74C4 /* MGTwitterEngine.m */; };
		FACA9A6A0EF55B120085F34F /* MGTwitterHTTPURLConnection.m in Sources */ = {isa = PBXBuildFile; fileRef = FA8E1CA20ECA2C75003D74C4 /* MGTwitterHTTPURLConnection.m */; };
		FACA9A6C0EF55B120085F34F /* MGTwitterLibXMLParser.m in Sources */ = {isa = PBXBuildFile; fileRef = FA8E1CA40ECA2C75003D74C4 /* MGTwitterLibXMLParser.m */; };
		FACA9A6E0EF55B120085F34F /* MGTwitterMessagesLibXMLParser.m in Sources */ = {isa = PBXBuildFile; fileRef = FA8E1CA60ECA2C75003D74C4 /* MGTwitterMessagesLibXMLParser.m */; };
		FACA9A700EF55B120085F34F /* MGTwitterMessagesParser.m in Sources */ = {isa = PBXBuildFile; fileRef = FA8E1CA80ECA2C75003D74C4 /* MGTwitterMessagesParser.m */; };
		FACA9A720EF55B120085F34F /* MGTwitterMiscLibXMLParser.m in Sources */ = {isa = PBXBuildFile; fileRef = FA8E1CAA0ECA2C75003D74C4 /* MGTwitterMiscLibXMLParser.m */; };
		FACA9A740EF55B120085F34F /* MGTwitterMiscParser.m in Sources */ = {isa = PBXBuildFile; fileRef = FA8E1CAC0ECA2C75003D74C4 /* MGTwitterMiscParser.m */; };
		FACA9A780EF55B120085F34F /* MGTwitterStatusesLibXMLParser.m in Sources */ = {isa = PBXBuildFile; fileRef = FA8E1CB00ECA2C75003D74C4 /* MGTwitterStatusesLibXMLParser.m */; };
		FACA9A7A0EF55B120085F34F /* MGTwitterStatusesParser.m in Sources */ = {isa = PBXBuildFile; fileRef = FA8E1CB20ECA2C76003D74C4 /* MGTwitterStatusesParser.m */; };
		FACA9A7C0EF55B120085F34F /* MGTwitterUsersLibXMLParser.m in Sources */ = {isa = PBXBuildFile; fileRef = FA8E1CB40ECA2C76003D74C4 /* MGTwitterUsersLibXMLParser.m */; };
		FACA9A7E0EF55B120085F34F /* MGTwitterUsersParser.m in Sources */ = {isa = PBXBuildFile; fileRef = FA8E1CB60ECA2C76003D74C4 /* MGTwitterUsersParser.m */; };
		FACA9A800EF55B120085F34F /* MGTwitterXMLParser.m in Sources */ = {isa = PBXBuildFile; fileRef = FA8E1CB80ECA2C76003D74C4 /* MGTwitterXMLParser.m */; };
		FACA9A820EF55B120085F34F /* NSData+Base64.m in Sources */ = {isa = PBXBuildFile; fileRef = FA8E1CBA0ECA2C76003D74C4 /* NSData+Base64.m */; };
		FACA9A840EF55B120085F34F /* NSString+UUID.m in Sources */ = {isa = PBXBuildFile; fileRef = FA8E1CBC0ECA2C76003D74C4 /* NSString+UUID.m */; };
		FACA9A880EF55B550085F34F /* libxml2.dylib in Frameworks */ = {isa = PBXBuildFile; fileRef = FAE052750ECA2EB00088D9AC /* libxml2.dylib */; };
		FACC12510EF46D7100D702D1 /* Account.preferencePane in Copy Preference Panes */ = {isa = PBXBuildFile; fileRef = FACC12490EF46CD300D702D1 /* Account.preferencePane */; };
		FACC12650EF46DF000D702D1 /* AccountPrefController.m in Sources */ = {isa = PBXBuildFile; fileRef = FACC12640EF46DF000D702D1 /* AccountPrefController.m */; };
		FACC12730EF46EA800D702D1 /* AccountPrefPane.xib in Resources */ = {isa = PBXBuildFile; fileRef = FACC12720EF46EA800D702D1 /* AccountPrefPane.xib */; };
		FAD978BF0EF5875200A0A924 /* AccountDetails.m in Sources */ = {isa = PBXBuildFile; fileRef = FAD978BE0EF5875200A0A924 /* AccountDetails.m */; };
		FAD978D10EF58E2200A0A924 /* AccountDetails.m in Sources */ = {isa = PBXBuildFile; fileRef = FAD978BE0EF5875200A0A924 /* AccountDetails.m */; };
		FAE052760ECA2EB00088D9AC /* libxml2.dylib in Frameworks */ = {isa = PBXBuildFile; fileRef = FAE052750ECA2EB00088D9AC /* libxml2.dylib */; };
		FAE052910ECA2F6E0088D9AC /* Credits.rtf in Resources */ = {isa = PBXBuildFile; fileRef = 2A37F4BAFDCFA73011CA2CEA /* Credits.rtf */; };
		FAE052920ECA2F7A0088D9AC /* InfoPlist.strings in Resources */ = {isa = PBXBuildFile; fileRef = 089C1660FE840EACC02AAC07 /* InfoPlist.strings */; };
/* End PBXBuildFile section */

/* Begin PBXContainerItemProxy section */
		FACC127A0EF46F9500D702D1 /* PBXContainerItemProxy */ = {
			isa = PBXContainerItemProxy;
			containerPortal = 2A37F4A9FDCFA73011CA2CEA /* Project object */;
			proxyType = 1;
			remoteGlobalIDString = FACC12480EF46CD300D702D1;
			remoteInfo = Account;
		};
/* End PBXContainerItemProxy section */

/* Begin PBXCopyFilesBuildPhase section */
		FAC2BF900ECCE75C00265115 /* Copy Frameworks */ = {
			isa = PBXCopyFilesBuildPhase;
			buildActionMask = 2147483647;
			dstPath = "";
			dstSubfolderSpec = 10;
			files = (
				FA5AA94B0EF9A8A900391976 /* AutoHyperlinks.framework in Copy Frameworks */,
				FAC2BF680ECCE75600265115 /* BGHUDAppKit.framework in Copy Frameworks */,
				FAC2BF690ECCE75600265115 /* Growl.framework in Copy Frameworks */,
				FAC2BF6A0ECCE75600265115 /* Sparkle.framework in Copy Frameworks */,
			);
			name = "Copy Frameworks";
			runOnlyForDeploymentPostprocessing = 0;
		};
		FACC117E0EF4622F00D702D1 /* Copy Preference Panes */ = {
			isa = PBXCopyFilesBuildPhase;
			buildActionMask = 2147483647;
			dstPath = "../Preference Panes";
			dstSubfolderSpec = 7;
			files = (
				FACC12510EF46D7100D702D1 /* Account.preferencePane in Copy Preference Panes */,
			);
			name = "Copy Preference Panes";
			runOnlyForDeploymentPostprocessing = 0;
		};
/* End PBXCopyFilesBuildPhase section */

/* Begin PBXFileReference section */
		089C1660FE840EACC02AAC07 /* InfoPlist.strings */ = {isa = PBXFileReference; fileEncoding = 10; lastKnownFileType = text.plist.strings; path = InfoPlist.strings; sourceTree = "<group>"; };
		1058C7A7FEA54F5311CA2CBB /* Cocoa.framework */ = {isa = PBXFileReference; lastKnownFileType = wrapper.framework; name = Cocoa.framework; path = /System/Library/Frameworks/Cocoa.framework; sourceTree = "<absolute>"; };
		2A37F4B0FDCFA73011CA2CEA /* main.m */ = {isa = PBXFileReference; fileEncoding = 4; lastKnownFileType = sourcecode.c.objc; path = main.m; sourceTree = "<group>"; };
		2A37F4BAFDCFA73011CA2CEA /* Credits.rtf */ = {isa = PBXFileReference; lastKnownFileType = text.rtf; path = Credits.rtf; sourceTree = "<group>"; };
		32DBCF750370BD2300C91783 /* Warblr_Prefix.pch */ = {isa = PBXFileReference; fileEncoding = 4; lastKnownFileType = sourcecode.c.h; path = Warblr_Prefix.pch; sourceTree = "<group>"; };
		8D15AC360486D014006FF6A4 /* Info.plist */ = {isa = PBXFileReference; fileEncoding = 4; lastKnownFileType = text.plist.xml; path = Info.plist; sourceTree = "<group>"; };
		8D15AC370486D014006FF6A4 /* Warblr.app */ = {isa = PBXFileReference; explicitFileType = wrapper.application; includeInIndex = 0; path = Warblr.app; sourceTree = BUILT_PRODUCTS_DIR; };
		FA00BBB60ECCEEFD00D99FE2 /* SS_PreferencePaneProtocol.h */ = {isa = PBXFileReference; fileEncoding = 4; lastKnownFileType = sourcecode.c.h; path = SS_PreferencePaneProtocol.h; sourceTree = "<group>"; };
		FA00BBB70ECCEEFD00D99FE2 /* SS_PrefsController.h */ = {isa = PBXFileReference; fileEncoding = 4; lastKnownFileType = sourcecode.c.h; path = SS_PrefsController.h; sourceTree = "<group>"; };
		FA00BBB80ECCEEFD00D99FE2 /* SS_PrefsController.m */ = {isa = PBXFileReference; fileEncoding = 4; lastKnownFileType = sourcecode.c.objc; path = SS_PrefsController.m; sourceTree = "<group>"; };
		FA00BBBB0ECCEF2100D99FE2 /* DPGrowl.h */ = {isa = PBXFileReference; fileEncoding = 4; lastKnownFileType = sourcecode.c.h; path = DPGrowl.h; sourceTree = "<group>"; };
		FA00BBBC0ECCEF2100D99FE2 /* DPGrowl.m */ = {isa = PBXFileReference; fileEncoding = 4; lastKnownFileType = sourcecode.c.objc; path = DPGrowl.m; sourceTree = "<group>"; };
		FA00BBBD0ECCEF2100D99FE2 /* DPLoginItem.h */ = {isa = PBXFileReference; fileEncoding = 4; lastKnownFileType = sourcecode.c.h; path = DPLoginItem.h; sourceTree = "<group>"; };
		FA00BBBE0ECCEF2100D99FE2 /* DPLoginItem.m */ = {isa = PBXFileReference; fileEncoding = 4; lastKnownFileType = sourcecode.c.objc; path = DPLoginItem.m; sourceTree = "<group>"; };
		FA5AA9270EF9A79200391976 /* AutoHyperlinks.txt */ = {isa = PBXFileReference; fileEncoding = 4; lastKnownFileType = text; path = AutoHyperlinks.txt; sourceTree = "<group>"; };
		FA5AA93F0EF9A80500391976 /* AutoHyperlinks.framework */ = {isa = PBXFileReference; lastKnownFileType = wrapper.framework; path = AutoHyperlinks.framework; sourceTree = "<group>"; };
		FA8C82780ED042F200BF56F9 /* MainMenu.xib */ = {isa = PBXFileReference; lastKnownFileType = file.xib; path = MainMenu.xib; sourceTree = "<group>"; };
		FA8E1C9D0ECA2C75003D74C4 /* MGTwitterEngine.h */ = {isa = PBXFileReference; fileEncoding = 4; lastKnownFileType = sourcecode.c.h; path = MGTwitterEngine.h; sourceTree = "<group>"; };
		FA8E1C9E0ECA2C75003D74C4 /* MGTwitterEngine.m */ = {isa = PBXFileReference; fileEncoding = 4; lastKnownFileType = sourcecode.c.objc; path = MGTwitterEngine.m; sourceTree = "<group>"; };
		FA8E1C9F0ECA2C75003D74C4 /* MGTwitterEngineDelegate.h */ = {isa = PBXFileReference; fileEncoding = 4; lastKnownFileType = sourcecode.c.h; path = MGTwitterEngineDelegate.h; sourceTree = "<group>"; };
		FA8E1CA00ECA2C75003D74C4 /* MGTwitterEngineGlobalHeader.h */ = {isa = PBXFileReference; fileEncoding = 4; lastKnownFileType = sourcecode.c.h; path = MGTwitterEngineGlobalHeader.h; sourceTree = "<group>"; };
		FA8E1CA10ECA2C75003D74C4 /* MGTwitterHTTPURLConnection.h */ = {isa = PBXFileReference; fileEncoding = 4; lastKnownFileType = sourcecode.c.h; path = MGTwitterHTTPURLConnection.h; sourceTree = "<group>"; };
		FA8E1CA20ECA2C75003D74C4 /* MGTwitterHTTPURLConnection.m */ = {isa = PBXFileReference; fileEncoding = 4; lastKnownFileType = sourcecode.c.objc; path = MGTwitterHTTPURLConnection.m; sourceTree = "<group>"; };
		FA8E1CA30ECA2C75003D74C4 /* MGTwitterLibXMLParser.h */ = {isa = PBXFileReference; fileEncoding = 4; lastKnownFileType = sourcecode.c.h; path = MGTwitterLibXMLParser.h; sourceTree = "<group>"; };
		FA8E1CA40ECA2C75003D74C4 /* MGTwitterLibXMLParser.m */ = {isa = PBXFileReference; fileEncoding = 4; lastKnownFileType = sourcecode.c.objc; path = MGTwitterLibXMLParser.m; sourceTree = "<group>"; };
		FA8E1CA50ECA2C75003D74C4 /* MGTwitterMessagesLibXMLParser.h */ = {isa = PBXFileReference; fileEncoding = 4; lastKnownFileType = sourcecode.c.h; path = MGTwitterMessagesLibXMLParser.h; sourceTree = "<group>"; };
		FA8E1CA60ECA2C75003D74C4 /* MGTwitterMessagesLibXMLParser.m */ = {isa = PBXFileReference; fileEncoding = 4; lastKnownFileType = sourcecode.c.objc; path = MGTwitterMessagesLibXMLParser.m; sourceTree = "<group>"; };
		FA8E1CA70ECA2C75003D74C4 /* MGTwitterMessagesParser.h */ = {isa = PBXFileReference; fileEncoding = 4; lastKnownFileType = sourcecode.c.h; path = MGTwitterMessagesParser.h; sourceTree = "<group>"; };
		FA8E1CA80ECA2C75003D74C4 /* MGTwitterMessagesParser.m */ = {isa = PBXFileReference; fileEncoding = 4; lastKnownFileType = sourcecode.c.objc; path = MGTwitterMessagesParser.m; sourceTree = "<group>"; };
		FA8E1CA90ECA2C75003D74C4 /* MGTwitterMiscLibXMLParser.h */ = {isa = PBXFileReference; fileEncoding = 4; lastKnownFileType = sourcecode.c.h; path = MGTwitterMiscLibXMLParser.h; sourceTree = "<group>"; };
		FA8E1CAA0ECA2C75003D74C4 /* MGTwitterMiscLibXMLParser.m */ = {isa = PBXFileReference; fileEncoding = 4; lastKnownFileType = sourcecode.c.objc; path = MGTwitterMiscLibXMLParser.m; sourceTree = "<group>"; };
		FA8E1CAB0ECA2C75003D74C4 /* MGTwitterMiscParser.h */ = {isa = PBXFileReference; fileEncoding = 4; lastKnownFileType = sourcecode.c.h; path = MGTwitterMiscParser.h; sourceTree = "<group>"; };
		FA8E1CAC0ECA2C75003D74C4 /* MGTwitterMiscParser.m */ = {isa = PBXFileReference; fileEncoding = 4; lastKnownFileType = sourcecode.c.objc; path = MGTwitterMiscParser.m; sourceTree = "<group>"; };
		FA8E1CAD0ECA2C75003D74C4 /* MGTwitterParserDelegate.h */ = {isa = PBXFileReference; fileEncoding = 4; lastKnownFileType = sourcecode.c.h; path = MGTwitterParserDelegate.h; sourceTree = "<group>"; };
		FA8E1CAE0ECA2C75003D74C4 /* MGTwitterRequestTypes.h */ = {isa = PBXFileReference; fileEncoding = 4; lastKnownFileType = sourcecode.c.h; path = MGTwitterRequestTypes.h; sourceTree = "<group>"; };
		FA8E1CAF0ECA2C75003D74C4 /* MGTwitterStatusesLibXMLParser.h */ = {isa = PBXFileReference; fileEncoding = 4; lastKnownFileType = sourcecode.c.h; path = MGTwitterStatusesLibXMLParser.h; sourceTree = "<group>"; };
		FA8E1CB00ECA2C75003D74C4 /* MGTwitterStatusesLibXMLParser.m */ = {isa = PBXFileReference; fileEncoding = 4; lastKnownFileType = sourcecode.c.objc; path = MGTwitterStatusesLibXMLParser.m; sourceTree = "<group>"; };
		FA8E1CB10ECA2C75003D74C4 /* MGTwitterStatusesParser.h */ = {isa = PBXFileReference; fileEncoding = 4; lastKnownFileType = sourcecode.c.h; path = MGTwitterStatusesParser.h; sourceTree = "<group>"; };
		FA8E1CB20ECA2C76003D74C4 /* MGTwitterStatusesParser.m */ = {isa = PBXFileReference; fileEncoding = 4; lastKnownFileType = sourcecode.c.objc; path = MGTwitterStatusesParser.m; sourceTree = "<group>"; };
		FA8E1CB30ECA2C76003D74C4 /* MGTwitterUsersLibXMLParser.h */ = {isa = PBXFileReference; fileEncoding = 4; lastKnownFileType = sourcecode.c.h; path = MGTwitterUsersLibXMLParser.h; sourceTree = "<group>"; };
		FA8E1CB40ECA2C76003D74C4 /* MGTwitterUsersLibXMLParser.m */ = {isa = PBXFileReference; fileEncoding = 4; lastKnownFileType = sourcecode.c.objc; path = MGTwitterUsersLibXMLParser.m; sourceTree = "<group>"; };
		FA8E1CB50ECA2C76003D74C4 /* MGTwitterUsersParser.h */ = {isa = PBXFileReference; fileEncoding = 4; lastKnownFileType = sourcecode.c.h; path = MGTwitterUsersParser.h; sourceTree = "<group>"; };
		FA8E1CB60ECA2C76003D74C4 /* MGTwitterUsersParser.m */ = {isa = PBXFileReference; fileEncoding = 4; lastKnownFileType = sourcecode.c.objc; path = MGTwitterUsersParser.m; sourceTree = "<group>"; };
		FA8E1CB70ECA2C76003D74C4 /* MGTwitterXMLParser.h */ = {isa = PBXFileReference; fileEncoding = 4; lastKnownFileType = sourcecode.c.h; path = MGTwitterXMLParser.h; sourceTree = "<group>"; };
		FA8E1CB80ECA2C76003D74C4 /* MGTwitterXMLParser.m */ = {isa = PBXFileReference; fileEncoding = 4; lastKnownFileType = sourcecode.c.objc; path = MGTwitterXMLParser.m; sourceTree = "<group>"; };
		FA8E1CB90ECA2C76003D74C4 /* NSData+Base64.h */ = {isa = PBXFileReference; fileEncoding = 4; lastKnownFileType = sourcecode.c.h; path = "NSData+Base64.h"; sourceTree = "<group>"; };
		FA8E1CBA0ECA2C76003D74C4 /* NSData+Base64.m */ = {isa = PBXFileReference; fileEncoding = 4; lastKnownFileType = sourcecode.c.objc; path = "NSData+Base64.m"; sourceTree = "<group>"; };
		FA8E1CBB0ECA2C76003D74C4 /* NSString+UUID.h */ = {isa = PBXFileReference; fileEncoding = 4; lastKnownFileType = sourcecode.c.h; path = "NSString+UUID.h"; sourceTree = "<group>"; };
		FA8E1CBC0ECA2C76003D74C4 /* NSString+UUID.m */ = {isa = PBXFileReference; fileEncoding = 4; lastKnownFileType = sourcecode.c.objc; path = "NSString+UUID.m"; sourceTree = "<group>"; };
		FA8E1CCB0ECA2CB7003D74C4 /* Carbon.framework */ = {isa = PBXFileReference; lastKnownFileType = wrapper.framework; name = Carbon.framework; path = /System/Library/Frameworks/Carbon.framework; sourceTree = "<absolute>"; };
		FA8E1CCC0ECA2CB7003D74C4 /* Security.framework */ = {isa = PBXFileReference; lastKnownFileType = wrapper.framework; name = Security.framework; path = /System/Library/Frameworks/Security.framework; sourceTree = "<absolute>"; };
		FA8E1F160ECA2D2E003D74C4 /* EMKeychainItem.h */ = {isa = PBXFileReference; fileEncoding = 4; lastKnownFileType = sourcecode.c.h; path = EMKeychainItem.h; sourceTree = "<group>"; };
		FA8E1F170ECA2D2E003D74C4 /* EMKeychainItem.m */ = {isa = PBXFileReference; fileEncoding = 4; lastKnownFileType = sourcecode.c.objc; path = EMKeychainItem.m; sourceTree = "<group>"; };
		FA8E1F180ECA2D2E003D74C4 /* EMKeychainProxy.h */ = {isa = PBXFileReference; fileEncoding = 4; lastKnownFileType = sourcecode.c.h; path = EMKeychainProxy.h; sourceTree = "<group>"; };
		FA8E1F190ECA2D2E003D74C4 /* EMKeychainProxy.m */ = {isa = PBXFileReference; fileEncoding = 4; lastKnownFileType = sourcecode.c.objc; path = EMKeychainProxy.m; sourceTree = "<group>"; };
		FA908E990ECD5D720057CC67 /* TweetHUDController.h */ = {isa = PBXFileReference; fileEncoding = 4; lastKnownFileType = sourcecode.c.h; path = TweetHUDController.h; sourceTree = "<group>"; };
		FA908E9A0ECD5D720057CC67 /* TweetHUDController.m */ = {isa = PBXFileReference; fileEncoding = 4; lastKnownFileType = sourcecode.c.objc; path = TweetHUDController.m; sourceTree = "<group>"; };
		FA987B540ED21E47001758C1 /* DPTransparentWindow.h */ = {isa = PBXFileReference; fileEncoding = 4; lastKnownFileType = sourcecode.c.h; path = DPTransparentWindow.h; sourceTree = "<group>"; };
		FA987B550ED21E47001758C1 /* DPTransparentWindow.m */ = {isa = PBXFileReference; fileEncoding = 4; lastKnownFileType = sourcecode.c.objc; path = DPTransparentWindow.m; sourceTree = "<group>"; };
		FA987B590ED21EF1001758C1 /* DPRoundedView.h */ = {isa = PBXFileReference; fileEncoding = 4; lastKnownFileType = sourcecode.c.h; path = DPRoundedView.h; sourceTree = "<group>"; };
		FA987B5A0ED21EF1001758C1 /* DPRoundedView.m */ = {isa = PBXFileReference; fileEncoding = 4; lastKnownFileType = sourcecode.c.objc; path = DPRoundedView.m; sourceTree = "<group>"; };
		FABDC2030EFEFDE90076A763 /* DPBitlyEngine.h */ = {isa = PBXFileReference; fileEncoding = 4; lastKnownFileType = sourcecode.c.h; path = DPBitlyEngine.h; sourceTree = "<group>"; };
		FABDC2040EFEFDE90076A763 /* DPBitlyEngine.m */ = {isa = PBXFileReference; fileEncoding = 4; lastKnownFileType = sourcecode.c.objc; path = DPBitlyEngine.m; sourceTree = "<group>"; };
		FAC2BEC60ECCD69500265115 /* MenuController.h */ = {isa = PBXFileReference; fileEncoding = 4; lastKnownFileType = sourcecode.c.h; path = MenuController.h; sourceTree = "<group>"; };
		FAC2BEC70ECCD69500265115 /* MenuController.m */ = {isa = PBXFileReference; fileEncoding = 4; lastKnownFileType = sourcecode.c.objc; path = MenuController.m; sourceTree = "<group>"; };
		FAC2BEC90ECCD6B200265115 /* WindowController.h */ = {isa = PBXFileReference; fileEncoding = 4; lastKnownFileType = sourcecode.c.h; path = WindowController.h; sourceTree = "<group>"; };
		FAC2BECA0ECCD6B200265115 /* WindowController.m */ = {isa = PBXFileReference; fileEncoding = 4; lastKnownFileType = sourcecode.c.objc; path = WindowController.m; sourceTree = "<group>"; };
		FAC2BED90ECCDD2B00265115 /* TweetHUD.xib */ = {isa = PBXFileReference; lastKnownFileType = file.xib; path = TweetHUD.xib; sourceTree = "<group>"; };
		FAC2BF150ECCE72B00265115 /* BGHUDAppKit.framework */ = {isa = PBXFileReference; lastKnownFileType = wrapper.framework; path = BGHUDAppKit.framework; sourceTree = "<group>"; };
		FAC2BF160ECCE72B00265115 /* Growl.framework */ = {isa = PBXFileReference; lastKnownFileType = wrapper.framework; path = Growl.framework; sourceTree = "<group>"; };
		FAC2BF170ECCE72B00265115 /* Sparkle.framework */ = {isa = PBXFileReference; lastKnownFileType = wrapper.framework; path = Sparkle.framework; sourceTree = "<group>"; };
		FACC12490EF46CD300D702D1 /* Account.preferencePane */ = {isa = PBXFileReference; explicitFileType = wrapper.cfbundle; includeInIndex = 0; path = Account.preferencePane; sourceTree = BUILT_PRODUCTS_DIR; };
		FACC124A0EF46CD300D702D1 /* Account-Info.plist */ = {isa = PBXFileReference; lastKnownFileType = text.plist.xml; path = "Account-Info.plist"; sourceTree = "<group>"; };
		FACC12630EF46DF000D702D1 /* AccountPrefController.h */ = {isa = PBXFileReference; fileEncoding = 4; lastKnownFileType = sourcecode.c.h; path = AccountPrefController.h; sourceTree = "<group>"; };
		FACC12640EF46DF000D702D1 /* AccountPrefController.m */ = {isa = PBXFileReference; fileEncoding = 4; lastKnownFileType = sourcecode.c.objc; path = AccountPrefController.m; sourceTree = "<group>"; };
		FACC12720EF46EA800D702D1 /* AccountPrefPane.xib */ = {isa = PBXFileReference; lastKnownFileType = file.xib; path = AccountPrefPane.xib; sourceTree = "<group>"; };
		FAD978BD0EF5875200A0A924 /* AccountDetails.h */ = {isa = PBXFileReference; fileEncoding = 4; lastKnownFileType = sourcecode.c.h; path = AccountDetails.h; sourceTree = "<group>"; };
		FAD978BE0EF5875200A0A924 /* AccountDetails.m */ = {isa = PBXFileReference; fileEncoding = 4; lastKnownFileType = sourcecode.c.objc; path = AccountDetails.m; sourceTree = "<group>"; };
		FAE052750ECA2EB00088D9AC /* libxml2.dylib */ = {isa = PBXFileReference; lastKnownFileType = "compiled.mach-o.dylib"; name = libxml2.dylib; path = /usr/lib/libxml2.dylib; sourceTree = "<absolute>"; };
/* End PBXFileReference section */

/* Begin PBXFrameworksBuildPhase section */
		8D15AC330486D014006FF6A4 /* Frameworks */ = {
			isa = PBXFrameworksBuildPhase;
			buildActionMask = 2147483647;
			files = (
				8D15AC340486D014006FF6A4 /* Cocoa.framework in Frameworks */,
				FA8E1CCD0ECA2CB7003D74C4 /* Carbon.framework in Frameworks */,
				FA8E1CCE0ECA2CB8003D74C4 /* Security.framework in Frameworks */,
				FAE052760ECA2EB00088D9AC /* libxml2.dylib in Frameworks */,
				FAC2BF180ECCE72B00265115 /* BGHUDAppKit.framework in Frameworks */,
				FAC2BF190ECCE72C00265115 /* Growl.framework in Frameworks */,
				FAC2BF1A0ECCE72C00265115 /* Sparkle.framework in Frameworks */,
				FA5AA9400EF9A80500391976 /* AutoHyperlinks.framework in Frameworks */,
			);
			runOnlyForDeploymentPostprocessing = 0;
		};
		FACC12470EF46CD300D702D1 /* Frameworks */ = {
			isa = PBXFrameworksBuildPhase;
			buildActionMask = 2147483647;
			files = (
				FACA9A880EF55B550085F34F /* libxml2.dylib in Frameworks */,
				FACA988F0EF522B20085F34F /* Carbon.framework in Frameworks */,
				FACA98900EF522B20085F34F /* Security.framework in Frameworks */,
			);
			runOnlyForDeploymentPostprocessing = 0;
		};
/* End PBXFrameworksBuildPhase section */

/* Begin PBXGroup section */
		19C28FB0FE9D524F11CA2CBB /* Products */ = {
			isa = PBXGroup;
			children = (
				8D15AC370486D014006FF6A4 /* Warblr.app */,
				FACC12490EF46CD300D702D1 /* Account.preferencePane */,
			);
			name = Products;
			sourceTree = "<group>";
		};
		2A37F4AAFDCFA73011CA2CEA /* Warblr */ = {
			isa = PBXGroup;
			children = (
				FA8E1C990ECA2B7D003D74C4 /* Third Party Classes */,
				2A37F4ABFDCFA73011CA2CEA /* Sources */,
				FACC11520EF4611E00D702D1 /* Preference Panes */,
				2A37F4B8FDCFA73011CA2CEA /* Resources */,
				2A37F4C3FDCFA73011CA2CEA /* Frameworks */,
				19C28FB0FE9D524F11CA2CBB /* Products */,
			);
			name = Warblr;
			sourceTree = "<group>";
		};
		2A37F4ABFDCFA73011CA2CEA /* Sources */ = {
			isa = PBXGroup;
			children = (
				FABDC1FD0EFEF06A0076A763 /* Bitly */,
				FA00BBBA0ECCEF0D00D99FE2 /* Custom */,
				FAC2BEC50ECCD66B00265115 /* Application */,
				FA8E1F140ECA2CF0003D74C4 /* Misc */,
			);
			name = Sources;
			sourceTree = "<group>";
		};
		2A37F4B8FDCFA73011CA2CEA /* Resources */ = {
			isa = PBXGroup;
			children = (
				FA5F77020ECCF008005310D4 /* Interface */,
				FA5F76FF0ECCEFFC005310D4 /* Text & Property List */,
			);
			name = Resources;
			sourceTree = "<group>";
		};
		2A37F4C3FDCFA73011CA2CEA /* Frameworks */ = {
			isa = PBXGroup;
			children = (
				FA5AA93F0EF9A80500391976 /* AutoHyperlinks.framework */,
				FAC2BF150ECCE72B00265115 /* BGHUDAppKit.framework */,
				FAC2BF160ECCE72B00265115 /* Growl.framework */,
				FAC2BF170ECCE72B00265115 /* Sparkle.framework */,
				FAE052750ECA2EB00088D9AC /* libxml2.dylib */,
				FA8E1CCB0ECA2CB7003D74C4 /* Carbon.framework */,
				FA8E1CCC0ECA2CB7003D74C4 /* Security.framework */,
				1058C7A7FEA54F5311CA2CBB /* Cocoa.framework */,
			);
			name = Frameworks;
			sourceTree = "<group>";
		};
		FA00BBB50ECCEEE400D99FE2 /* Preferences */ = {
			isa = PBXGroup;
			children = (
				FA00BBB60ECCEEFD00D99FE2 /* SS_PreferencePaneProtocol.h */,
				FA00BBB70ECCEEFD00D99FE2 /* SS_PrefsController.h */,
				FA00BBB80ECCEEFD00D99FE2 /* SS_PrefsController.m */,
			);
			name = Preferences;
			sourceTree = "<group>";
		};
		FA00BBBA0ECCEF0D00D99FE2 /* Custom */ = {
			isa = PBXGroup;
			children = (
				FA00BBBB0ECCEF2100D99FE2 /* DPGrowl.h */,
				FA00BBBC0ECCEF2100D99FE2 /* DPGrowl.m */,
				FA00BBBD0ECCEF2100D99FE2 /* DPLoginItem.h */,
				FA00BBBE0ECCEF2100D99FE2 /* DPLoginItem.m */,
				FA987B540ED21E47001758C1 /* DPTransparentWindow.h */,
				FA987B550ED21E47001758C1 /* DPTransparentWindow.m */,
				FA987B590ED21EF1001758C1 /* DPRoundedView.h */,
				FA987B5A0ED21EF1001758C1 /* DPRoundedView.m */,
			);
			name = Custom;
			sourceTree = "<group>";
		};
		FA5AA9240EF9A76F00391976 /* Other Copyright */ = {
			isa = PBXGroup;
			children = (
				FA5AA9270EF9A79200391976 /* AutoHyperlinks.txt */,
			);
			name = "Other Copyright";
			sourceTree = "<group>";
		};
		FA5F76FF0ECCEFFC005310D4 /* Text & Property List */ = {
			isa = PBXGroup;
			children = (
				FA5AA9240EF9A76F00391976 /* Other Copyright */,
				2A37F4BAFDCFA73011CA2CEA /* Credits.rtf */,
				8D15AC360486D014006FF6A4 /* Info.plist */,
				089C1660FE840EACC02AAC07 /* InfoPlist.strings */,
			);
			name = "Text & Property List";
			sourceTree = "<group>";
		};
		FA5F77020ECCF008005310D4 /* Interface */ = {
			isa = PBXGroup;
			children = (
				FAC2BED90ECCDD2B00265115 /* TweetHUD.xib */,
				FA8C82780ED042F200BF56F9 /* MainMenu.xib */,
			);
			name = Interface;
			sourceTree = "<group>";
		};
		FA8E1C990ECA2B7D003D74C4 /* Third Party Classes */ = {
			isa = PBXGroup;
			children = (
				FA00BBB50ECCEEE400D99FE2 /* Preferences */,
				FA8E1F150ECA2D17003D74C4 /* Keychain */,
				FA8E1C9A0ECA2B92003D74C4 /* Twitter */,
			);
			name = "Third Party Classes";
			sourceTree = "<group>";
		};
		FA8E1C9A0ECA2B92003D74C4 /* Twitter */ = {
			isa = PBXGroup;
			children = (
				FA8E1C9D0ECA2C75003D74C4 /* MGTwitterEngine.h */,
				FA8E1C9E0ECA2C75003D74C4 /* MGTwitterEngine.m */,
				FA8E1C9F0ECA2C75003D74C4 /* MGTwitterEngineDelegate.h */,
				FA8E1CA00ECA2C75003D74C4 /* MGTwitterEngineGlobalHeader.h */,
				FA8E1CA10ECA2C75003D74C4 /* MGTwitterHTTPURLConnection.h */,
				FA8E1CA20ECA2C75003D74C4 /* MGTwitterHTTPURLConnection.m */,
				FA8E1CA30ECA2C75003D74C4 /* MGTwitterLibXMLParser.h */,
				FA8E1CA40ECA2C75003D74C4 /* MGTwitterLibXMLParser.m */,
				FA8E1CA50ECA2C75003D74C4 /* MGTwitterMessagesLibXMLParser.h */,
				FA8E1CA60ECA2C75003D74C4 /* MGTwitterMessagesLibXMLParser.m */,
				FA8E1CA70ECA2C75003D74C4 /* MGTwitterMessagesParser.h */,
				FA8E1CA80ECA2C75003D74C4 /* MGTwitterMessagesParser.m */,
				FA8E1CA90ECA2C75003D74C4 /* MGTwitterMiscLibXMLParser.h */,
				FA8E1CAA0ECA2C75003D74C4 /* MGTwitterMiscLibXMLParser.m */,
				FA8E1CAB0ECA2C75003D74C4 /* MGTwitterMiscParser.h */,
				FA8E1CAC0ECA2C75003D74C4 /* MGTwitterMiscParser.m */,
				FA8E1CAD0ECA2C75003D74C4 /* MGTwitterParserDelegate.h */,
				FA8E1CAE0ECA2C75003D74C4 /* MGTwitterRequestTypes.h */,
				FA8E1CAF0ECA2C75003D74C4 /* MGTwitterStatusesLibXMLParser.h */,
				FA8E1CB00ECA2C75003D74C4 /* MGTwitterStatusesLibXMLParser.m */,
				FA8E1CB10ECA2C75003D74C4 /* MGTwitterStatusesParser.h */,
				FA8E1CB20ECA2C76003D74C4 /* MGTwitterStatusesParser.m */,
				FA8E1CB30ECA2C76003D74C4 /* MGTwitterUsersLibXMLParser.h */,
				FA8E1CB40ECA2C76003D74C4 /* MGTwitterUsersLibXMLParser.m */,
				FA8E1CB50ECA2C76003D74C4 /* MGTwitterUsersParser.h */,
				FA8E1CB60ECA2C76003D74C4 /* MGTwitterUsersParser.m */,
				FA8E1CB70ECA2C76003D74C4 /* MGTwitterXMLParser.h */,
				FA8E1CB80ECA2C76003D74C4 /* MGTwitterXMLParser.m */,
				FA8E1CB90ECA2C76003D74C4 /* NSData+Base64.h */,
				FA8E1CBA0ECA2C76003D74C4 /* NSData+Base64.m */,
				FA8E1CBB0ECA2C76003D74C4 /* NSString+UUID.h */,
				FA8E1CBC0ECA2C76003D74C4 /* NSString+UUID.m */,
			);
			name = Twitter;
			sourceTree = "<group>";
		};
		FA8E1F140ECA2CF0003D74C4 /* Misc */ = {
			isa = PBXGroup;
			children = (
				32DBCF750370BD2300C91783 /* Warblr_Prefix.pch */,
				2A37F4B0FDCFA73011CA2CEA /* main.m */,
			);
			name = Misc;
			sourceTree = "<group>";
		};
		FA8E1F150ECA2D17003D74C4 /* Keychain */ = {
			isa = PBXGroup;
			children = (
				FA8E1F160ECA2D2E003D74C4 /* EMKeychainItem.h */,
				FA8E1F170ECA2D2E003D74C4 /* EMKeychainItem.m */,
				FA8E1F180ECA2D2E003D74C4 /* EMKeychainProxy.h */,
				FA8E1F190ECA2D2E003D74C4 /* EMKeychainProxy.m */,
			);
			name = Keychain;
			sourceTree = "<group>";
		};
		FABDC1FD0EFEF06A0076A763 /* Bitly */ = {
			isa = PBXGroup;
			children = (
				FABDC2030EFEFDE90076A763 /* DPBitlyEngine.h */,
				FABDC2040EFEFDE90076A763 /* DPBitlyEngine.m */,
			);
			name = Bitly;
			sourceTree = "<group>";
		};
		FAC2BEC50ECCD66B00265115 /* Application */ = {
			isa = PBXGroup;
			children = (
				FAC2BEC60ECCD69500265115 /* MenuController.h */,
				FAC2BEC70ECCD69500265115 /* MenuController.m */,
				FAC2BEC90ECCD6B200265115 /* WindowController.h */,
				FAC2BECA0ECCD6B200265115 /* WindowController.m */,
				FA908E990ECD5D720057CC67 /* TweetHUDController.h */,
				FA908E9A0ECD5D720057CC67 /* TweetHUDController.m */,
				FAD978BD0EF5875200A0A924 /* AccountDetails.h */,
				FAD978BE0EF5875200A0A924 /* AccountDetails.m */,
			);
			name = Application;
			sourceTree = "<group>";
		};
		FACC11520EF4611E00D702D1 /* Preference Panes */ = {
			isa = PBXGroup;
			children = (
				FACC124E0EF46D0B00D702D1 /* Account */,
			);
			name = "Preference Panes";
			sourceTree = "<group>";
		};
		FACC124E0EF46D0B00D702D1 /* Account */ = {
			isa = PBXGroup;
			children = (
				FACC124A0EF46CD300D702D1 /* Account-Info.plist */,
				FACC12630EF46DF000D702D1 /* AccountPrefController.h */,
				FACC12640EF46DF000D702D1 /* AccountPrefController.m */,
				FACC12720EF46EA800D702D1 /* AccountPrefPane.xib */,
			);
			name = Account;
			sourceTree = "<group>";
		};
/* End PBXGroup section */

/* Begin PBXNativeTarget section */
		8D15AC270486D014006FF6A4 /* Warblr */ = {
			isa = PBXNativeTarget;
			buildConfigurationList = C05733C708A9546B00998B17 /* Build configuration list for PBXNativeTarget "Warblr" */;
			buildPhases = (
				8D15AC2B0486D014006FF6A4 /* Resources */,
				8D15AC300486D014006FF6A4 /* Sources */,
				8D15AC330486D014006FF6A4 /* Frameworks */,
				FAC2BF900ECCE75C00265115 /* Copy Frameworks */,
				FAC2BF920ECCE78900265115 /* Run Script */,
				FACC117E0EF4622F00D702D1 /* Copy Preference Panes */,
			);
			buildRules = (
			);
			dependencies = (
				FACC127B0EF46F9500D702D1 /* PBXTargetDependency */,
			);
			name = Warblr;
			productInstallPath = "$(HOME)/Applications";
			productName = Warblr;
			productReference = 8D15AC370486D014006FF6A4 /* Warblr.app */;
			productType = "com.apple.product-type.application";
		};
		FACC12480EF46CD300D702D1 /* Account */ = {
			isa = PBXNativeTarget;
			buildConfigurationList = FACC124D0EF46CD600D702D1 /* Build configuration list for PBXNativeTarget "Account" */;
			buildPhases = (
				FACC12450EF46CD300D702D1 /* Resources */,
				FACC12460EF46CD300D702D1 /* Sources */,
				FACC12470EF46CD300D702D1 /* Frameworks */,
			);
			buildRules = (
			);
			dependencies = (
			);
			name = Account;
			productName = Account;
			productReference = FACC12490EF46CD300D702D1 /* Account.preferencePane */;
			productType = "com.apple.product-type.bundle";
		};
/* End PBXNativeTarget section */

/* Begin PBXProject section */
		2A37F4A9FDCFA73011CA2CEA /* Project object */ = {
			isa = PBXProject;
			buildConfigurationList = C05733CB08A9546B00998B17 /* Build configuration list for PBXProject "Warblr" */;
			compatibilityVersion = "Xcode 3.1";
			hasScannedForEncodings = 1;
			mainGroup = 2A37F4AAFDCFA73011CA2CEA /* Warblr */;
			projectDirPath = "";
			projectRoot = "";
			targets = (
				8D15AC270486D014006FF6A4 /* Warblr */,
				FACC12480EF46CD300D702D1 /* Account */,
			);
		};
/* End PBXProject section */

/* Begin PBXResourcesBuildPhase section */
		8D15AC2B0486D014006FF6A4 /* Resources */ = {
			isa = PBXResourcesBuildPhase;
			buildActionMask = 2147483647;
			files = (
				FAE052910ECA2F6E0088D9AC /* Credits.rtf in Resources */,
				FAE052920ECA2F7A0088D9AC /* InfoPlist.strings in Resources */,
				FAC2BEDA0ECCDD2B00265115 /* TweetHUD.xib in Resources */,
				FA8C82790ED042F200BF56F9 /* MainMenu.xib in Resources */,
			);
			runOnlyForDeploymentPostprocessing = 0;
		};
		FACC12450EF46CD300D702D1 /* Resources */ = {
			isa = PBXResourcesBuildPhase;
			buildActionMask = 2147483647;
			files = (
				FACC12730EF46EA800D702D1 /* AccountPrefPane.xib in Resources */,
			);
			runOnlyForDeploymentPostprocessing = 0;
		};
/* End PBXResourcesBuildPhase section */

/* Begin PBXShellScriptBuildPhase section */
		FAC2BF920ECCE78900265115 /* Run Script */ = {
			isa = PBXShellScriptBuildPhase;
			buildActionMask = 2147483647;
			files = (
			);
			inputPaths = (
			);
			name = "Run Script";
			outputPaths = (
			);
			runOnlyForDeploymentPostprocessing = 0;
			shellPath = /bin/sh;
			shellScript = "rm -fR \"${CONFIGURATION_BUILD_DIR}/${WRAPPER_NAME}/Contents/Frameworks/BGHUDAppKit.framework/Versions/Current/Resources\"";
		};
/* End PBXShellScriptBuildPhase section */

/* Begin PBXSourcesBuildPhase section */
		8D15AC300486D014006FF6A4 /* Sources */ = {
			isa = PBXSourcesBuildPhase;
			buildActionMask = 2147483647;
			files = (
				8D15AC320486D014006FF6A4 /* main.m in Sources */,
				FA8E1CBD0ECA2C76003D74C4 /* MGTwitterEngine.m in Sources */,
				FA8E1CBE0ECA2C76003D74C4 /* MGTwitterHTTPURLConnection.m in Sources */,
				FA8E1CBF0ECA2C76003D74C4 /* MGTwitterLibXMLParser.m in Sources */,
				FA8E1CC00ECA2C76003D74C4 /* MGTwitterMessagesLibXMLParser.m in Sources */,
				FA8E1CC10ECA2C76003D74C4 /* MGTwitterMessagesParser.m in Sources */,
				FA8E1CC20ECA2C76003D74C4 /* MGTwitterMiscLibXMLParser.m in Sources */,
				FA8E1CC30ECA2C76003D74C4 /* MGTwitterMiscParser.m in Sources */,
				FA8E1CC40ECA2C76003D74C4 /* MGTwitterStatusesLibXMLParser.m in Sources */,
				FA8E1CC50ECA2C76003D74C4 /* MGTwitterStatusesParser.m in Sources */,
				FA8E1CC60ECA2C76003D74C4 /* MGTwitterUsersLibXMLParser.m in Sources */,
				FA8E1CC70ECA2C76003D74C4 /* MGTwitterUsersParser.m in Sources */,
				FA8E1CC80ECA2C76003D74C4 /* MGTwitterXMLParser.m in Sources */,
				FA8E1CC90ECA2C76003D74C4 /* NSData+Base64.m in Sources */,
				FA8E1CCA0ECA2C76003D74C4 /* NSString+UUID.m in Sources */,
				FA8E1F1A0ECA2D2E003D74C4 /* EMKeychainItem.m in Sources */,
				FA8E1F1B0ECA2D2E003D74C4 /* EMKeychainProxy.m in Sources */,
				FAC2BEC80ECCD69500265115 /* MenuController.m in Sources */,
				FAC2BECB0ECCD6B200265115 /* WindowController.m in Sources */,
				FA00BBB90ECCEEFD00D99FE2 /* SS_PrefsController.m in Sources */,
				FA00BBBF0ECCEF2100D99FE2 /* DPGrowl.m in Sources */,
				FA00BBC00ECCEF2100D99FE2 /* DPLoginItem.m in Sources */,
				FA908E9B0ECD5D720057CC67 /* TweetHUDController.m in Sources */,
				FA987B560ED21E47001758C1 /* DPTransparentWindow.m in Sources */,
				FA987B5B0ED21EF1001758C1 /* DPRoundedView.m in Sources */,
				FAD978BF0EF5875200A0A924 /* AccountDetails.m in Sources */,
				FABDC2050EFEFDE90076A763 /* DPBitlyEngine.m in Sources */,
			);
			runOnlyForDeploymentPostprocessing = 0;
		};
		FACC12460EF46CD300D702D1 /* Sources */ = {
			isa = PBXSourcesBuildPhase;
			buildActionMask = 2147483647;
			files = (
				FAD978D10EF58E2200A0A924 /* AccountDetails.m in Sources */,
				FACA98930EF522BF0085F34F /* EMKeychainItem.m in Sources */,
				FACA98940EF522BF0085F34F /* EMKeychainProxy.m in Sources */,
				FACC12650EF46DF000D702D1 /* AccountPrefController.m in Sources */,
				FACA9A660EF55B120085F34F /* MGTwitterEngine.m in Sources */,
				FACA9A6A0EF55B120085F34F /* MGTwitterHTTPURLConnection.m in Sources */,
				FACA9A6C0EF55B120085F34F /* MGTwitterLibXMLParser.m in Sources */,
				FACA9A6E0EF55B120085F34F /* MGTwitterMessagesLibXMLParser.m in Sources */,
				FACA9A700EF55B120085F34F /* MGTwitterMessagesParser.m in Sources */,
				FACA9A720EF55B120085F34F /* MGTwitterMiscLibXMLParser.m in Sources */,
				FACA9A740EF55B120085F34F /* MGTwitterMiscParser.m in Sources */,
				FACA9A780EF55B120085F34F /* MGTwitterStatusesLibXMLParser.m in Sources */,
				FACA9A7A0EF55B120085F34F /* MGTwitterStatusesParser.m in Sources */,
				FACA9A7C0EF55B120085F34F /* MGTwitterUsersLibXMLParser.m in Sources */,
				FACA9A7E0EF55B120085F34F /* MGTwitterUsersParser.m in Sources */,
				FACA9A800EF55B120085F34F /* MGTwitterXMLParser.m in Sources */,
				FACA9A820EF55B120085F34F /* NSData+Base64.m in Sources */,
				FACA9A840EF55B120085F34F /* NSString+UUID.m in Sources */,
			);
			runOnlyForDeploymentPostprocessing = 0;
		};
/* End PBXSourcesBuildPhase section */

/* Begin PBXTargetDependency section */
		FACC127B0EF46F9500D702D1 /* PBXTargetDependency */ = {
			isa = PBXTargetDependency;
			target = FACC12480EF46CD300D702D1 /* Account */;
			targetProxy = FACC127A0EF46F9500D702D1 /* PBXContainerItemProxy */;
		};
/* End PBXTargetDependency section */

/* Begin XCBuildConfiguration section */
		C05733C808A9546B00998B17 /* Debug */ = {
			isa = XCBuildConfiguration;
			buildSettings = {
				ALWAYS_SEARCH_USER_PATHS = NO;
				COPY_PHASE_STRIP = NO;
				FRAMEWORK_SEARCH_PATHS = (
					"$(inherited)",
					"\"$(SRCROOT)\"",
				);
				GCC_DYNAMIC_NO_PIC = NO;
				GCC_ENABLE_FIX_AND_CONTINUE = YES;
				GCC_MODEL_TUNING = G5;
				GCC_OPTIMIZATION_LEVEL = 0;
				GCC_PRECOMPILE_PREFIX_HEADER = YES;
				GCC_PREFIX_HEADER = Warblr_Prefix.pch;
				INFOPLIST_FILE = Info.plist;
				INSTALL_PATH = "$(HOME)/Applications";
				PRODUCT_NAME = Warblr;
			};
			name = Debug;
		};
		C05733C908A9546B00998B17 /* Release */ = {
			isa = XCBuildConfiguration;
			buildSettings = {
				ALWAYS_SEARCH_USER_PATHS = NO;
				DEBUG_INFORMATION_FORMAT = "dwarf-with-dsym";
				FRAMEWORK_SEARCH_PATHS = (
					"$(inherited)",
					"\"$(SRCROOT)\"",
				);
				GCC_MODEL_TUNING = G5;
				GCC_PRECOMPILE_PREFIX_HEADER = YES;
				GCC_PREFIX_HEADER = Warblr_Prefix.pch;
				INFOPLIST_FILE = Info.plist;
				INSTALL_PATH = "$(HOME)/Applications";
				PRODUCT_NAME = Warblr;
			};
			name = Release;
		};
		C05733CC08A9546B00998B17 /* Debug */ = {
			isa = XCBuildConfiguration;
			buildSettings = {
				ARCHS = "$(ARCHS_STANDARD_32_BIT)";
				GCC_C_LANGUAGE_STANDARD = c99;
				GCC_OPTIMIZATION_LEVEL = 0;
				GCC_WARN_ABOUT_RETURN_TYPE = YES;
				GCC_WARN_UNUSED_VARIABLE = YES;
				HEADER_SEARCH_PATHS = "/usr/include/libxml2/**";
				ONLY_ACTIVE_ARCH = YES;
				PREBINDING = NO;
				PRODUCT_NAME = Warblr;
				SDKROOT = macosx10.5;
			};
			name = Debug;
		};
		C05733CD08A9546B00998B17 /* Release */ = {
			isa = XCBuildConfiguration;
			buildSettings = {
				ARCHS = "$(ARCHS_STANDARD_32_BIT)";
				GCC_C_LANGUAGE_STANDARD = c99;
				GCC_WARN_ABOUT_RETURN_TYPE = YES;
				GCC_WARN_UNUSED_VARIABLE = YES;
				HEADER_SEARCH_PATHS = "/usr/include/libxml2/**";
				PREBINDING = NO;
				PRODUCT_NAME = Warblr;
				SDKROOT = macosx10.5;
			};
			name = Release;
		};
		FACC124B0EF46CD600D702D1 /* Debug */ = {
			isa = XCBuildConfiguration;
			buildSettings = {
				ALWAYS_SEARCH_USER_PATHS = NO;
				COPY_PHASE_STRIP = NO;
				GCC_DYNAMIC_NO_PIC = NO;
				GCC_ENABLE_FIX_AND_CONTINUE = YES;
				GCC_MODEL_TUNING = G5;
				GCC_OPTIMIZATION_LEVEL = 0;
				GCC_PRECOMPILE_PREFIX_HEADER = YES;
				GCC_PREFIX_HEADER = "$(SYSTEM_LIBRARY_DIR)/Frameworks/AppKit.framework/Headers/AppKit.h";
				INFOPLIST_FILE = "Account-Info.plist";
				INSTALL_PATH = "$(HOME)/Library/Bundles";
				OTHER_LDFLAGS = (
					"-framework",
					Foundation,
					"-framework",
					AppKit,
				);
				PREBINDING = NO;
				PRODUCT_NAME = Account;
				WRAPPER_EXTENSION = preferencePane;
			};
			name = Debug;
		};
		FACC124C0EF46CD600D702D1 /* Release */ = {
			isa = XCBuildConfiguration;
			buildSettings = {
				ALWAYS_SEARCH_USER_PATHS = NO;
				COPY_PHASE_STRIP = YES;
				DEBUG_INFORMATION_FORMAT = "dwarf-with-dsym";
				GCC_ENABLE_FIX_AND_CONTINUE = NO;
				GCC_MODEL_TUNING = G5;
				GCC_PRECOMPILE_PREFIX_HEADER = YES;
				GCC_PREFIX_HEADER = "$(SYSTEM_LIBRARY_DIR)/Frameworks/AppKit.framework/Headers/AppKit.h";
				INFOPLIST_FILE = "Account-Info.plist";
				INSTALL_PATH = "$(HOME)/Library/Bundles";
				OTHER_LDFLAGS = (
					"-framework",
					Foundation,
					"-framework",
					AppKit,
				);
				PREBINDING = NO;
				PRODUCT_NAME = Account;
				WRAPPER_EXTENSION = preferencePane;
				ZERO_LINK = NO;
			};
			name = Release;
		};
/* End XCBuildConfiguration section */

/* Begin XCConfigurationList section */
		C05733C708A9546B00998B17 /* Build configuration list for PBXNativeTarget "Warblr" */ = {
			isa = XCConfigurationList;
			buildConfigurations = (
				C05733C808A9546B00998B17 /* Debug */,
				C05733C908A9546B00998B17 /* Release */,
			);
			defaultConfigurationIsVisible = 0;
			defaultConfigurationName = Release;
		};
		C05733CB08A9546B00998B17 /* Build configuration list for PBXProject "Warblr" */ = {
			isa = XCConfigurationList;
			buildConfigurations = (
				C05733CC08A9546B00998B17 /* Debug */,
				C05733CD08A9546B00998B17 /* Release */,
			);
			defaultConfigurationIsVisible = 0;
			defaultConfigurationName = Release;
		};
		FACC124D0EF46CD600D702D1 /* Build configuration list for PBXNativeTarget "Account" */ = {
			isa = XCConfigurationList;
			buildConfigurations = (
				FACC124B0EF46CD600D702D1 /* Debug */,
				FACC124C0EF46CD600D702D1 /* Release */,
			);
			defaultConfigurationIsVisible = 0;
			defaultConfigurationName = Release;
		};
/* End XCConfigurationList section */
	};
	rootObject = 2A37F4A9FDCFA73011CA2CEA /* Project object */;
}
