// !$*UTF8*$!
{
	archiveVersion = 1;
	classes = {
	};
	objectVersion = 46;
	objects = {

/* Begin PBXBuildFile section */
		8D15AC320486D014006FF6A4 /* main.m in Sources */ = {isa = PBXBuildFile; fileRef = 2A37F4B0FDCFA73011CA2CEA /* main.m */; settings = {ATTRIBUTES = (); }; };
		8D15AC340486D014006FF6A4 /* Cocoa.framework in Frameworks */ = {isa = PBXBuildFile; fileRef = 1058C7A7FEA54F5311CA2CBB /* Cocoa.framework */; };
		FA00BBB90ECCEEFD00D99FE2 /* SS_PrefsController.m in Sources */ = {isa = PBXBuildFile; fileRef = FA00BBB80ECCEEFD00D99FE2 /* SS_PrefsController.m */; };
		FA00BBC00ECCEF2100D99FE2 /* DPLoginItem.m in Sources */ = {isa = PBXBuildFile; fileRef = FA00BBBE0ECCEF2100D99FE2 /* DPLoginItem.m */; };
		FA09BD9D0F8F961E00A6C0DE /* DPCoreData.m in Sources */ = {isa = PBXBuildFile; fileRef = FA09BD9C0F8F961E00A6C0DE /* DPCoreData.m */; };
		FA1325980F934C8C00D76C9E /* DPUtility.m in Sources */ = {isa = PBXBuildFile; fileRef = FA1325970F934C8C00D76C9E /* DPUtility.m */; };
		FA1326240F9353F700D76C9E /* TimelineWindow.xib in Resources */ = {isa = PBXBuildFile; fileRef = FA1326230F9353F700D76C9E /* TimelineWindow.xib */; };
		FA513BA70F98E22C00659410 /* RegexKitLite.m in Sources */ = {isa = PBXBuildFile; fileRef = FA513BA60F98E22C00659410 /* RegexKitLite.m */; };
		FA513BC80F98E3BC00659410 /* libicucore.dylib in Frameworks */ = {isa = PBXBuildFile; fileRef = FA513BC70F98E3BC00659410 /* libicucore.dylib */; };
		FA5AA9400EF9A80500391976 /* AutoHyperlinks.framework in Frameworks */ = {isa = PBXBuildFile; fileRef = FA5AA93F0EF9A80500391976 /* AutoHyperlinks.framework */; };
		FA5AA94B0EF9A8A900391976 /* AutoHyperlinks.framework in Copy Frameworks */ = {isa = PBXBuildFile; fileRef = FA5AA93F0EF9A80500391976 /* AutoHyperlinks.framework */; };
		FA8C82790ED042F200BF56F9 /* MainMenu.xib in Resources */ = {isa = PBXBuildFile; fileRef = FA8C82780ED042F200BF56F9 /* MainMenu.xib */; };
		FA8E1CBD0ECA2C76003D74C4 /* MGTwitterEngine.m in Sources */ = {isa = PBXBuildFile; fileRef = FA8E1C9E0ECA2C75003D74C4 /* MGTwitterEngine.m */; };
		FA8E1CBE0ECA2C76003D74C4 /* MGTwitterHTTPURLConnection.m in Sources */ = {isa = PBXBuildFile; fileRef = FA8E1CA20ECA2C75003D74C4 /* MGTwitterHTTPURLConnection.m */; };
		FA8E1CBF0ECA2C76003D74C4 /* MGTwitterLibXMLParser.m in Sources */ = {isa = PBXBuildFile; fileRef = FA8E1CA40ECA2C75003D74C4 /* MGTwitterLibXMLParser.m */; };
		FA8E1CC00ECA2C76003D74C4 /* MGTwitterMessagesLibXMLParser.m in Sources */ = {isa = PBXBuildFile; fileRef = FA8E1CA60ECA2C75003D74C4 /* MGTwitterMessagesLibXMLParser.m */; };
		FA8E1CC10ECA2C76003D74C4 /* MGTwitterMessagesParser.m in Sources */ = {isa = PBXBuildFile; fileRef = FA8E1CA80ECA2C75003D74C4 /* MGTwitterMessagesParser.m */; };
		FA8E1CC20ECA2C76003D74C4 /* MGTwitterMiscLibXMLParser.m in Sources */ = {isa = PBXBuildFile; fileRef = FA8E1CAA0ECA2C75003D74C4 /* MGTwitterMiscLibXMLParser.m */; };
		FA8E1CC30ECA2C76003D74C4 /* MGTwitterMiscParser.m in Sources */ = {isa = PBXBuildFile; fileRef = FA8E1CAC0ECA2C75003D74C4 /* MGTwitterMiscParser.m */; };
		FA8E1CC40ECA2C76003D74C4 /* MGTwitterStatusesLibXMLParser.m in Sources */ = {isa = PBXBuildFile; fileRef = FA8E1CB00ECA2C75003D74C4 /* MGTwitterStatusesLibXMLParser.m */; };
		FA8E1CC50ECA2C76003D74C4 /* MGTwitterStatusesParser.m in Sources */ = {isa = PBXBuildFile; fileRef = FA8E1CB20ECA2C76003D74C4 /* MGTwitterStatusesParser.m */; };
		FA8E1CC60ECA2C76003D74C4 /* MGTwitterUsersLibXMLParser.m in Sources */ = {isa = PBXBuildFile; fileRef = FA8E1CB40ECA2C76003D74C4 /* MGTwitterUsersLibXMLParser.m */; };
		FA8E1CC70ECA2C76003D74C4 /* MGTwitterUsersParser.m in Sources */ = {isa = PBXBuildFile; fileRef = FA8E1CB60ECA2C76003D74C4 /* MGTwitterUsersParser.m */; };
		FA8E1CC80ECA2C76003D74C4 /* MGTwitterXMLParser.m in Sources */ = {isa = PBXBuildFile; fileRef = FA8E1CB80ECA2C76003D74C4 /* MGTwitterXMLParser.m */; };
		FA8E1CC90ECA2C76003D74C4 /* NSData+Base64.m in Sources */ = {isa = PBXBuildFile; fileRef = FA8E1CBA0ECA2C76003D74C4 /* NSData+Base64.m */; };
		FA8E1CCA0ECA2C76003D74C4 /* NSString+UUID.m in Sources */ = {isa = PBXBuildFile; fileRef = FA8E1CBC0ECA2C76003D74C4 /* NSString+UUID.m */; };
		FA8E1CCD0ECA2CB7003D74C4 /* Carbon.framework in Frameworks */ = {isa = PBXBuildFile; fileRef = FA8E1CCB0ECA2CB7003D74C4 /* Carbon.framework */; };
		FA8E1CCE0ECA2CB8003D74C4 /* Security.framework in Frameworks */ = {isa = PBXBuildFile; fileRef = FA8E1CCC0ECA2CB7003D74C4 /* Security.framework */; };
		FA8E1F1A0ECA2D2E003D74C4 /* EMKeychainItem.m in Sources */ = {isa = PBXBuildFile; fileRef = FA8E1F170ECA2D2E003D74C4 /* EMKeychainItem.m */; };
		FA8E1F1B0ECA2D2E003D74C4 /* EMKeychainProxy.m in Sources */ = {isa = PBXBuildFile; fileRef = FA8E1F190ECA2D2E003D74C4 /* EMKeychainProxy.m */; };
		FA908E9B0ECD5D720057CC67 /* TweetHUDController.m in Sources */ = {isa = PBXBuildFile; fileRef = FA908E9A0ECD5D720057CC67 /* TweetHUDController.m */; };
		FA9685660F96239900572E01 /* TemplateProcessor.m in Sources */ = {isa = PBXBuildFile; fileRef = FA9685650F96239900572E01 /* TemplateProcessor.m */; };
		FAA9B3B60F939E3500838141 /* WebKit.framework in Frameworks */ = {isa = PBXBuildFile; fileRef = FAA9B3B50F939E3500838141 /* WebKit.framework */; };
		FAA9B3BC0F93A0CA00838141 /* TimelineController.m in Sources */ = {isa = PBXBuildFile; fileRef = FAA9B3BB0F93A0CA00838141 /* TimelineController.m */; };
		FAA9B3BF0F93A10100838141 /* TimelineWindowController.m in Sources */ = {isa = PBXBuildFile; fileRef = FAA9B3BE0F93A10100838141 /* TimelineWindowController.m */; };
		FAB1ADB10F9A8D030018507C /* SRCommon.m in Sources */ = {isa = PBXBuildFile; fileRef = FAB1ADA70F9A8D030018507C /* SRCommon.m */; };
		FAB1ADB20F9A8D030018507C /* SRKeyCodeTransformer.m in Sources */ = {isa = PBXBuildFile; fileRef = FAB1ADA90F9A8D030018507C /* SRKeyCodeTransformer.m */; };
		FAB1ADB30F9A8D030018507C /* SRRecorderCell.m in Sources */ = {isa = PBXBuildFile; fileRef = FAB1ADAB0F9A8D030018507C /* SRRecorderCell.m */; };
		FAB1ADB40F9A8D030018507C /* SRRecorderControl.m in Sources */ = {isa = PBXBuildFile; fileRef = FAB1ADAD0F9A8D030018507C /* SRRecorderControl.m */; };
		FAB1ADB50F9A8D030018507C /* SRValidator.m in Sources */ = {isa = PBXBuildFile; fileRef = FAB1ADAF0F9A8D030018507C /* SRValidator.m */; };
		FAB1ADBE0F9A8D9C0018507C /* ShortcutRecorder.strings in Resources */ = {isa = PBXBuildFile; fileRef = FAB1ADBD0F9A8D9C0018507C /* ShortcutRecorder.strings */; };
		FAB1AE990F9A8DFE0018507C /* Carbon.framework in Frameworks */ = {isa = PBXBuildFile; fileRef = FA8E1CCB0ECA2CB7003D74C4 /* Carbon.framework */; };
		FAB1AE9A0F9A8DFE0018507C /* Cocoa.framework in Frameworks */ = {isa = PBXBuildFile; fileRef = 1058C7A7FEA54F5311CA2CBB /* Cocoa.framework */; };
		FAB1AE9C0F9A8E0C0018507C /* CoreServices.framework in Frameworks */ = {isa = PBXBuildFile; fileRef = FAB1AE9B0F9A8E0C0018507C /* CoreServices.framework */; };
		FAB4CF460F8D565E0005AC0B /* CoreData.framework in Frameworks */ = {isa = PBXBuildFile; fileRef = FAB4CF450F8D565E0005AC0B /* CoreData.framework */; };
		FABB185D0F8FF1BD003AF1DB /* Warblr.xcdatamodel in Sources */ = {isa = PBXBuildFile; fileRef = FABB185C0F8FF1BD003AF1DB /* Warblr.xcdatamodel */; };
		FABDD5A50F9A7D4E00669D25 /* Shortcuts.preferencePane in Copy Preference Panes */ = {isa = PBXBuildFile; fileRef = FABDD5970F9A7CC400669D25 /* Shortcuts.preferencePane */; };
		FABDD5BF0F9A7D8D00669D25 /* ShortcutsPrefController.m in Sources */ = {isa = PBXBuildFile; fileRef = FABDD5BE0F9A7D8D00669D25 /* ShortcutsPrefController.m */; };
		FABDD5C10F9A7E4C00669D25 /* ShortcutsPrefPane.xib in Resources */ = {isa = PBXBuildFile; fileRef = FABDD5C00F9A7E4C00669D25 /* ShortcutsPrefPane.xib */; };
		FAC04D7B0F8E67DE00449A01 /* TweetManager.m in Sources */ = {isa = PBXBuildFile; fileRef = FAC04D7A0F8E67DE00449A01 /* TweetManager.m */; };
		FAC2BEC80ECCD69500265115 /* MenuController.m in Sources */ = {isa = PBXBuildFile; fileRef = FAC2BEC70ECCD69500265115 /* MenuController.m */; };
		FAC2BECB0ECCD6B200265115 /* TweetHUDWindowController.m in Sources */ = {isa = PBXBuildFile; fileRef = FAC2BECA0ECCD6B200265115 /* TweetHUDWindowController.m */; };
		FAC2BF1A0ECCE72C00265115 /* Sparkle.framework in Frameworks */ = {isa = PBXBuildFile; fileRef = FAC2BF170ECCE72B00265115 /* Sparkle.framework */; };
		FAC2BF6A0ECCE75600265115 /* Sparkle.framework in Copy Frameworks */ = {isa = PBXBuildFile; fileRef = FAC2BF170ECCE72B00265115 /* Sparkle.framework */; };
		FAC86C6A1202E04D002A7E22 /* TweetHUD.xib in Resources */ = {isa = PBXBuildFile; fileRef = FAC86C691202E04D002A7E22 /* TweetHUD.xib */; };
		FAC952D70F93ED470011FFE9 /* index.html in Resources */ = {isa = PBXBuildFile; fileRef = FAC952C30F93EC710011FFE9 /* index.html */; };
		FAC952D80F93ED470011FFE9 /* tweet.html in Resources */ = {isa = PBXBuildFile; fileRef = FAC952C50F93EC800011FFE9 /* tweet.html */; };
		FAC952D90F93ED470011FFE9 /* main.css in Resources */ = {isa = PBXBuildFile; fileRef = FAC952C70F93EC8D0011FFE9 /* main.css */; };
		FAC952E10F93ED730011FFE9 /* Default.warblrTheme in Copy Themes */ = {isa = PBXBuildFile; fileRef = FAC952D20F93ECF90011FFE9 /* Default.warblrTheme */; };
		FACA988F0EF522B20085F34F /* Carbon.framework in Frameworks */ = {isa = PBXBuildFile; fileRef = FA8E1CCB0ECA2CB7003D74C4 /* Carbon.framework */; };
		FACA98900EF522B20085F34F /* Security.framework in Frameworks */ = {isa = PBXBuildFile; fileRef = FA8E1CCC0ECA2CB7003D74C4 /* Security.framework */; };
		FACA98930EF522BF0085F34F /* EMKeychainItem.m in Sources */ = {isa = PBXBuildFile; fileRef = FA8E1F170ECA2D2E003D74C4 /* EMKeychainItem.m */; };
		FACA98940EF522BF0085F34F /* EMKeychainProxy.m in Sources */ = {isa = PBXBuildFile; fileRef = FA8E1F190ECA2D2E003D74C4 /* EMKeychainProxy.m */; };
		FACA9A660EF55B120085F34F /* MGTwitterEngine.m in Sources */ = {isa = PBXBuildFile; fileRef = FA8E1C9E0ECA2C75003D74C4 /* MGTwitterEngine.m */; };
		FACA9A6A0EF55B120085F34F /* MGTwitterHTTPURLConnection.m in Sources */ = {isa = PBXBuildFile; fileRef = FA8E1CA20ECA2C75003D74C4 /* MGTwitterHTTPURLConnection.m */; };
		FACA9A6C0EF55B120085F34F /* MGTwitterLibXMLParser.m in Sources */ = {isa = PBXBuildFile; fileRef = FA8E1CA40ECA2C75003D74C4 /* MGTwitterLibXMLParser.m */; };
		FACA9A6E0EF55B120085F34F /* MGTwitterMessagesLibXMLParser.m in Sources */ = {isa = PBXBuildFile; fileRef = FA8E1CA60ECA2C75003D74C4 /* MGTwitterMessagesLibXMLParser.m */; };
		FACA9A700EF55B120085F34F /* MGTwitterMessagesParser.m in Sources */ = {isa = PBXBuildFile; fileRef = FA8E1CA80ECA2C75003D74C4 /* MGTwitterMessagesParser.m */; };
		FACA9A720EF55B120085F34F /* MGTwitterMiscLibXMLParser.m in Sources */ = {isa = PBXBuildFile; fileRef = FA8E1CAA0ECA2C75003D74C4 /* MGTwitterMiscLibXMLParser.m */; };
		FACA9A740EF55B120085F34F /* MGTwitterMiscParser.m in Sources */ = {isa = PBXBuildFile; fileRef = FA8E1CAC0ECA2C75003D74C4 /* MGTwitterMiscParser.m */; };
		FACA9A780EF55B120085F34F /* MGTwitterStatusesLibXMLParser.m in Sources */ = {isa = PBXBuildFile; fileRef = FA8E1CB00ECA2C75003D74C4 /* MGTwitterStatusesLibXMLParser.m */; };
		FACA9A7A0EF55B120085F34F /* MGTwitterStatusesParser.m in Sources */ = {isa = PBXBuildFile; fileRef = FA8E1CB20ECA2C76003D74C4 /* MGTwitterStatusesParser.m */; };
		FACA9A7C0EF55B120085F34F /* MGTwitterUsersLibXMLParser.m in Sources */ = {isa = PBXBuildFile; fileRef = FA8E1CB40ECA2C76003D74C4 /* MGTwitterUsersLibXMLParser.m */; };
		FACA9A7E0EF55B120085F34F /* MGTwitterUsersParser.m in Sources */ = {isa = PBXBuildFile; fileRef = FA8E1CB60ECA2C76003D74C4 /* MGTwitterUsersParser.m */; };
		FACA9A800EF55B120085F34F /* MGTwitterXMLParser.m in Sources */ = {isa = PBXBuildFile; fileRef = FA8E1CB80ECA2C76003D74C4 /* MGTwitterXMLParser.m */; };
		FACA9A820EF55B120085F34F /* NSData+Base64.m in Sources */ = {isa = PBXBuildFile; fileRef = FA8E1CBA0ECA2C76003D74C4 /* NSData+Base64.m */; };
		FACA9A840EF55B120085F34F /* NSString+UUID.m in Sources */ = {isa = PBXBuildFile; fileRef = FA8E1CBC0ECA2C76003D74C4 /* NSString+UUID.m */; };
		FACA9A880EF55B550085F34F /* libxml2.dylib in Frameworks */ = {isa = PBXBuildFile; fileRef = FAE052750ECA2EB00088D9AC /* libxml2.dylib */; };
		FACC12510EF46D7100D702D1 /* Account.preferencePane in Copy Preference Panes */ = {isa = PBXBuildFile; fileRef = FACC12490EF46CD300D702D1 /* Account.preferencePane */; };
		FACC12650EF46DF000D702D1 /* AccountPrefController.m in Sources */ = {isa = PBXBuildFile; fileRef = FACC12640EF46DF000D702D1 /* AccountPrefController.m */; };
		FACC12730EF46EA800D702D1 /* AccountPrefPane.xib in Resources */ = {isa = PBXBuildFile; fileRef = FACC12720EF46EA800D702D1 /* AccountPrefPane.xib */; };
		FACEFD530F9E4F96008A88C5 /* DPHotKey.m in Sources */ = {isa = PBXBuildFile; fileRef = FACEFD520F9E4F96008A88C5 /* DPHotKey.m */; };
		FAD4D9A90F99321D00D008DA /* RKLMatchEnumerator.m in Sources */ = {isa = PBXBuildFile; fileRef = FAD4D9A80F99321D00D008DA /* RKLMatchEnumerator.m */; };
		FAD978BF0EF5875200A0A924 /* AccountDetails.m in Sources */ = {isa = PBXBuildFile; fileRef = FAD978BE0EF5875200A0A924 /* AccountDetails.m */; };
		FAD978D10EF58E2200A0A924 /* AccountDetails.m in Sources */ = {isa = PBXBuildFile; fileRef = FAD978BE0EF5875200A0A924 /* AccountDetails.m */; };
		FAE052760ECA2EB00088D9AC /* libxml2.dylib in Frameworks */ = {isa = PBXBuildFile; fileRef = FAE052750ECA2EB00088D9AC /* libxml2.dylib */; };
		FAE052910ECA2F6E0088D9AC /* Credits.rtf in Resources */ = {isa = PBXBuildFile; fileRef = 2A37F4BAFDCFA73011CA2CEA /* Credits.rtf */; };
		FAE052920ECA2F7A0088D9AC /* InfoPlist.strings in Resources */ = {isa = PBXBuildFile; fileRef = 089C1660FE840EACC02AAC07 /* InfoPlist.strings */; };
/* End PBXBuildFile section */

/* Begin PBXContainerItemProxy section */
		FABDD5BA0F9A7D6000669D25 /* PBXContainerItemProxy */ = {
			isa = PBXContainerItemProxy;
			containerPortal = 2A37F4A9FDCFA73011CA2CEA /* Project object */;
			proxyType = 1;
			remoteGlobalIDString = FABDD5960F9A7CC400669D25;
			remoteInfo = Shortcuts;
		};
		FAC952DC0F93ED670011FFE9 /* PBXContainerItemProxy */ = {
			isa = PBXContainerItemProxy;
			containerPortal = 2A37F4A9FDCFA73011CA2CEA /* Project object */;
			proxyType = 1;
			remoteGlobalIDString = FAC952D10F93ECF90011FFE9;
			remoteInfo = Default;
		};
		FACC127A0EF46F9500D702D1 /* PBXContainerItemProxy */ = {
			isa = PBXContainerItemProxy;
			containerPortal = 2A37F4A9FDCFA73011CA2CEA /* Project object */;
			proxyType = 1;
			remoteGlobalIDString = FACC12480EF46CD300D702D1;
			remoteInfo = Account;
		};
/* End PBXContainerItemProxy section */

/* Begin PBXCopyFilesBuildPhase section */
		FAC2BF900ECCE75C00265115 /* Copy Frameworks */ = {
			isa = PBXCopyFilesBuildPhase;
			buildActionMask = 2147483647;
			dstPath = "";
			dstSubfolderSpec = 10;
			files = (
				FA5AA94B0EF9A8A900391976 /* AutoHyperlinks.framework in Copy Frameworks */,
				FAC2BF6A0ECCE75600265115 /* Sparkle.framework in Copy Frameworks */,
			);
			name = "Copy Frameworks";
			runOnlyForDeploymentPostprocessing = 0;
		};
		FAC952CD0F93ECE00011FFE9 /* Copy Themes */ = {
			isa = PBXCopyFilesBuildPhase;
			buildActionMask = 2147483647;
			dstPath = ../Themes;
			dstSubfolderSpec = 7;
			files = (
				FAC952E10F93ED730011FFE9 /* Default.warblrTheme in Copy Themes */,
			);
			name = "Copy Themes";
			runOnlyForDeploymentPostprocessing = 0;
		};
		FACC117E0EF4622F00D702D1 /* Copy Preference Panes */ = {
			isa = PBXCopyFilesBuildPhase;
			buildActionMask = 2147483647;
			dstPath = "../Preference Panes";
			dstSubfolderSpec = 7;
			files = (
				FABDD5A50F9A7D4E00669D25 /* Shortcuts.preferencePane in Copy Preference Panes */,
				FACC12510EF46D7100D702D1 /* Account.preferencePane in Copy Preference Panes */,
			);
			name = "Copy Preference Panes";
			runOnlyForDeploymentPostprocessing = 0;
		};
/* End PBXCopyFilesBuildPhase section */

/* Begin PBXFileReference section */
		089C1660FE840EACC02AAC07 /* InfoPlist.strings */ = {isa = PBXFileReference; fileEncoding = 10; lastKnownFileType = text.plist.strings; path = InfoPlist.strings; sourceTree = "<group>"; };
		1058C7A7FEA54F5311CA2CBB /* Cocoa.framework */ = {isa = PBXFileReference; lastKnownFileType = wrapper.framework; name = Cocoa.framework; path = /System/Library/Frameworks/Cocoa.framework; sourceTree = "<absolute>"; };
		2A37F4B0FDCFA73011CA2CEA /* main.m */ = {isa = PBXFileReference; fileEncoding = 4; lastKnownFileType = sourcecode.c.objc; path = main.m; sourceTree = "<group>"; };
		2A37F4BAFDCFA73011CA2CEA /* Credits.rtf */ = {isa = PBXFileReference; lastKnownFileType = text.rtf; path = Credits.rtf; sourceTree = "<group>"; };
		32DBCF750370BD2300C91783 /* Warblr_Prefix.pch */ = {isa = PBXFileReference; fileEncoding = 4; lastKnownFileType = sourcecode.c.h; path = Warblr_Prefix.pch; sourceTree = "<group>"; };
		8D15AC360486D014006FF6A4 /* Info.plist */ = {isa = PBXFileReference; fileEncoding = 4; lastKnownFileType = text.plist.xml; path = Info.plist; sourceTree = "<group>"; };
		8D15AC370486D014006FF6A4 /* Warblr.app */ = {isa = PBXFileReference; explicitFileType = wrapper.application; includeInIndex = 0; path = Warblr.app; sourceTree = BUILT_PRODUCTS_DIR; };
		FA00BBB60ECCEEFD00D99FE2 /* SS_PreferencePaneProtocol.h */ = {isa = PBXFileReference; fileEncoding = 4; lastKnownFileType = sourcecode.c.h; path = SS_PreferencePaneProtocol.h; sourceTree = "<group>"; };
		FA00BBB70ECCEEFD00D99FE2 /* SS_PrefsController.h */ = {isa = PBXFileReference; fileEncoding = 4; lastKnownFileType = sourcecode.c.h; path = SS_PrefsController.h; sourceTree = "<group>"; };
		FA00BBB80ECCEEFD00D99FE2 /* SS_PrefsController.m */ = {isa = PBXFileReference; fileEncoding = 4; lastKnownFileType = sourcecode.c.objc; path = SS_PrefsController.m; sourceTree = "<group>"; };
		FA00BBBD0ECCEF2100D99FE2 /* DPLoginItem.h */ = {isa = PBXFileReference; fileEncoding = 4; lastKnownFileType = sourcecode.c.h; path = DPLoginItem.h; sourceTree = "<group>"; };
		FA00BBBE0ECCEF2100D99FE2 /* DPLoginItem.m */ = {isa = PBXFileReference; fileEncoding = 4; lastKnownFileType = sourcecode.c.objc; path = DPLoginItem.m; sourceTree = "<group>"; };
		FA09BD9B0F8F961E00A6C0DE /* DPCoreData.h */ = {isa = PBXFileReference; fileEncoding = 4; lastKnownFileType = sourcecode.c.h; path = DPCoreData.h; sourceTree = "<group>"; };
		FA09BD9C0F8F961E00A6C0DE /* DPCoreData.m */ = {isa = PBXFileReference; fileEncoding = 4; lastKnownFileType = sourcecode.c.objc; path = DPCoreData.m; sourceTree = "<group>"; };
		FA1325960F934C8C00D76C9E /* DPUtility.h */ = {isa = PBXFileReference; fileEncoding = 4; lastKnownFileType = sourcecode.c.h; path = DPUtility.h; sourceTree = "<group>"; };
		FA1325970F934C8C00D76C9E /* DPUtility.m */ = {isa = PBXFileReference; fileEncoding = 4; lastKnownFileType = sourcecode.c.objc; path = DPUtility.m; sourceTree = "<group>"; };
		FA1326230F9353F700D76C9E /* TimelineWindow.xib */ = {isa = PBXFileReference; lastKnownFileType = file.xib; path = TimelineWindow.xib; sourceTree = "<group>"; };
		FA4F08580F98BC1C005028B4 /* TweetManagerDelegate.h */ = {isa = PBXFileReference; fileEncoding = 4; lastKnownFileType = sourcecode.c.h; path = TweetManagerDelegate.h; sourceTree = "<group>"; };
		FA513BA50F98E22C00659410 /* RegexKitLite.h */ = {isa = PBXFileReference; fileEncoding = 4; lastKnownFileType = sourcecode.c.h; path = RegexKitLite.h; sourceTree = "<group>"; };
		FA513BA60F98E22C00659410 /* RegexKitLite.m */ = {isa = PBXFileReference; fileEncoding = 4; lastKnownFileType = sourcecode.c.objc; path = RegexKitLite.m; sourceTree = "<group>"; };
		FA513BC70F98E3BC00659410 /* libicucore.dylib */ = {isa = PBXFileReference; lastKnownFileType = "compiled.mach-o.dylib"; name = libicucore.dylib; path = /usr/lib/libicucore.dylib; sourceTree = "<absolute>"; };
		FA5AA9270EF9A79200391976 /* AutoHyperlinks.txt */ = {isa = PBXFileReference; fileEncoding = 4; lastKnownFileType = text; path = AutoHyperlinks.txt; sourceTree = "<group>"; };
		FA5AA93F0EF9A80500391976 /* AutoHyperlinks.framework */ = {isa = PBXFileReference; lastKnownFileType = wrapper.framework; path = AutoHyperlinks.framework; sourceTree = "<group>"; };
		FA8C82780ED042F200BF56F9 /* MainMenu.xib */ = {isa = PBXFileReference; lastKnownFileType = file.xib; path = MainMenu.xib; sourceTree = "<group>"; };
		FA8E1C9D0ECA2C75003D74C4 /* MGTwitterEngine.h */ = {isa = PBXFileReference; fileEncoding = 4; lastKnownFileType = sourcecode.c.h; path = MGTwitterEngine.h; sourceTree = "<group>"; };
		FA8E1C9E0ECA2C75003D74C4 /* MGTwitterEngine.m */ = {isa = PBXFileReference; fileEncoding = 4; lastKnownFileType = sourcecode.c.objc; path = MGTwitterEngine.m; sourceTree = "<group>"; };
		FA8E1C9F0ECA2C75003D74C4 /* MGTwitterEngineDelegate.h */ = {isa = PBXFileReference; fileEncoding = 4; lastKnownFileType = sourcecode.c.h; path = MGTwitterEngineDelegate.h; sourceTree = "<group>"; };
		FA8E1CA00ECA2C75003D74C4 /* MGTwitterEngineGlobalHeader.h */ = {isa = PBXFileReference; fileEncoding = 4; lastKnownFileType = sourcecode.c.h; path = MGTwitterEngineGlobalHeader.h; sourceTree = "<group>"; };
		FA8E1CA10ECA2C75003D74C4 /* MGTwitterHTTPURLConnection.h */ = {isa = PBXFileReference; fileEncoding = 4; lastKnownFileType = sourcecode.c.h; path = MGTwitterHTTPURLConnection.h; sourceTree = "<group>"; };
		FA8E1CA20ECA2C75003D74C4 /* MGTwitterHTTPURLConnection.m */ = {isa = PBXFileReference; fileEncoding = 4; lastKnownFileType = sourcecode.c.objc; path = MGTwitterHTTPURLConnection.m; sourceTree = "<group>"; };
		FA8E1CA30ECA2C75003D74C4 /* MGTwitterLibXMLParser.h */ = {isa = PBXFileReference; fileEncoding = 4; lastKnownFileType = sourcecode.c.h; path = MGTwitterLibXMLParser.h; sourceTree = "<group>"; };
		FA8E1CA40ECA2C75003D74C4 /* MGTwitterLibXMLParser.m */ = {isa = PBXFileReference; fileEncoding = 4; lastKnownFileType = sourcecode.c.objc; path = MGTwitterLibXMLParser.m; sourceTree = "<group>"; };
		FA8E1CA50ECA2C75003D74C4 /* MGTwitterMessagesLibXMLParser.h */ = {isa = PBXFileReference; fileEncoding = 4; lastKnownFileType = sourcecode.c.h; path = MGTwitterMessagesLibXMLParser.h; sourceTree = "<group>"; };
		FA8E1CA60ECA2C75003D74C4 /* MGTwitterMessagesLibXMLParser.m */ = {isa = PBXFileReference; fileEncoding = 4; lastKnownFileType = sourcecode.c.objc; path = MGTwitterMessagesLibXMLParser.m; sourceTree = "<group>"; };
		FA8E1CA70ECA2C75003D74C4 /* MGTwitterMessagesParser.h */ = {isa = PBXFileReference; fileEncoding = 4; lastKnownFileType = sourcecode.c.h; path = MGTwitterMessagesParser.h; sourceTree = "<group>"; };
		FA8E1CA80ECA2C75003D74C4 /* MGTwitterMessagesParser.m */ = {isa = PBXFileReference; fileEncoding = 4; lastKnownFileType = sourcecode.c.objc; path = MGTwitterMessagesParser.m; sourceTree = "<group>"; };
		FA8E1CA90ECA2C75003D74C4 /* MGTwitterMiscLibXMLParser.h */ = {isa = PBXFileReference; fileEncoding = 4; lastKnownFileType = sourcecode.c.h; path = MGTwitterMiscLibXMLParser.h; sourceTree = "<group>"; };
		FA8E1CAA0ECA2C75003D74C4 /* MGTwitterMiscLibXMLParser.m */ = {isa = PBXFileReference; fileEncoding = 4; lastKnownFileType = sourcecode.c.objc; path = MGTwitterMiscLibXMLParser.m; sourceTree = "<group>"; };
		FA8E1CAB0ECA2C75003D74C4 /* MGTwitterMiscParser.h */ = {isa = PBXFileReference; fileEncoding = 4; lastKnownFileType = sourcecode.c.h; path = MGTwitterMiscParser.h; sourceTree = "<group>"; };
		FA8E1CAC0ECA2C75003D74C4 /* MGTwitterMiscParser.m */ = {isa = PBXFileReference; fileEncoding = 4; lastKnownFileType = sourcecode.c.objc; path = MGTwitterMiscParser.m; sourceTree = "<group>"; };
		FA8E1CAD0ECA2C75003D74C4 /* MGTwitterParserDelegate.h */ = {isa = PBXFileReference; fileEncoding = 4; lastKnownFileType = sourcecode.c.h; path = MGTwitterParserDelegate.h; sourceTree = "<group>"; };
		FA8E1CAE0ECA2C75003D74C4 /* MGTwitterRequestTypes.h */ = {isa = PBXFileReference; fileEncoding = 4; lastKnownFileType = sourcecode.c.h; path = MGTwitterRequestTypes.h; sourceTree = "<group>"; };
		FA8E1CAF0ECA2C75003D74C4 /* MGTwitterStatusesLibXMLParser.h */ = {isa = PBXFileReference; fileEncoding = 4; lastKnownFileType = sourcecode.c.h; path = MGTwitterStatusesLibXMLParser.h; sourceTree = "<group>"; };
		FA8E1CB00ECA2C75003D74C4 /* MGTwitterStatusesLibXMLParser.m */ = {isa = PBXFileReference; fileEncoding = 4; lastKnownFileType = sourcecode.c.objc; path = MGTwitterStatusesLibXMLParser.m; sourceTree = "<group>"; };
		FA8E1CB10ECA2C75003D74C4 /* MGTwitterStatusesParser.h */ = {isa = PBXFileReference; fileEncoding = 4; lastKnownFileType = sourcecode.c.h; path = MGTwitterStatusesParser.h; sourceTree = "<group>"; };
		FA8E1CB20ECA2C76003D74C4 /* MGTwitterStatusesParser.m */ = {isa = PBXFileReference; fileEncoding = 4; lastKnownFileType = sourcecode.c.objc; path = MGTwitterStatusesParser.m; sourceTree = "<group>"; };
		FA8E1CB30ECA2C76003D74C4 /* MGTwitterUsersLibXMLParser.h */ = {isa = PBXFileReference; fileEncoding = 4; lastKnownFileType = sourcecode.c.h; path = MGTwitterUsersLibXMLParser.h; sourceTree = "<group>"; };
		FA8E1CB40ECA2C76003D74C4 /* MGTwitterUsersLibXMLParser.m */ = {isa = PBXFileReference; fileEncoding = 4; lastKnownFileType = sourcecode.c.objc; path = MGTwitterUsersLibXMLParser.m; sourceTree = "<group>"; };
		FA8E1CB50ECA2C76003D74C4 /* MGTwitterUsersParser.h */ = {isa = PBXFileReference; fileEncoding = 4; lastKnownFileType = sourcecode.c.h; path = MGTwitterUsersParser.h; sourceTree = "<group>"; };
		FA8E1CB60ECA2C76003D74C4 /* MGTwitterUsersParser.m */ = {isa = PBXFileReference; fileEncoding = 4; lastKnownFileType = sourcecode.c.objc; path = MGTwitterUsersParser.m; sourceTree = "<group>"; };
		FA8E1CB70ECA2C76003D74C4 /* MGTwitterXMLParser.h */ = {isa = PBXFileReference; fileEncoding = 4; lastKnownFileType = sourcecode.c.h; path = MGTwitterXMLParser.h; sourceTree = "<group>"; };
		FA8E1CB80ECA2C76003D74C4 /* MGTwitterXMLParser.m */ = {isa = PBXFileReference; fileEncoding = 4; lastKnownFileType = sourcecode.c.objc; path = MGTwitterXMLParser.m; sourceTree = "<group>"; };
		FA8E1CB90ECA2C76003D74C4 /* NSData+Base64.h */ = {isa = PBXFileReference; fileEncoding = 4; lastKnownFileType = sourcecode.c.h; path = "NSData+Base64.h"; sourceTree = "<group>"; };
		FA8E1CBA0ECA2C76003D74C4 /* NSData+Base64.m */ = {isa = PBXFileReference; fileEncoding = 4; lastKnownFileType = sourcecode.c.objc; path = "NSData+Base64.m"; sourceTree = "<group>"; };
		FA8E1CBB0ECA2C76003D74C4 /* NSString+UUID.h */ = {isa = PBXFileReference; fileEncoding = 4; lastKnownFileType = sourcecode.c.h; path = "NSString+UUID.h"; sourceTree = "<group>"; };
		FA8E1CBC0ECA2C76003D74C4 /* NSString+UUID.m */ = {isa = PBXFileReference; fileEncoding = 4; lastKnownFileType = sourcecode.c.objc; path = "NSString+UUID.m"; sourceTree = "<group>"; };
		FA8E1CCB0ECA2CB7003D74C4 /* Carbon.framework */ = {isa = PBXFileReference; lastKnownFileType = wrapper.framework; name = Carbon.framework; path = /System/Library/Frameworks/Carbon.framework; sourceTree = "<absolute>"; };
		FA8E1CCC0ECA2CB7003D74C4 /* Security.framework */ = {isa = PBXFileReference; lastKnownFileType = wrapper.framework; name = Security.framework; path = /System/Library/Frameworks/Security.framework; sourceTree = "<absolute>"; };
		FA8E1F160ECA2D2E003D74C4 /* EMKeychainItem.h */ = {isa = PBXFileReference; fileEncoding = 4; lastKnownFileType = sourcecode.c.h; path = EMKeychainItem.h; sourceTree = "<group>"; };
		FA8E1F170ECA2D2E003D74C4 /* EMKeychainItem.m */ = {isa = PBXFileReference; fileEncoding = 4; lastKnownFileType = sourcecode.c.objc; path = EMKeychainItem.m; sourceTree = "<group>"; };
		FA8E1F180ECA2D2E003D74C4 /* EMKeychainProxy.h */ = {isa = PBXFileReference; fileEncoding = 4; lastKnownFileType = sourcecode.c.h; path = EMKeychainProxy.h; sourceTree = "<group>"; };
		FA8E1F190ECA2D2E003D74C4 /* EMKeychainProxy.m */ = {isa = PBXFileReference; fileEncoding = 4; lastKnownFileType = sourcecode.c.objc; path = EMKeychainProxy.m; sourceTree = "<group>"; };
		FA908E990ECD5D720057CC67 /* TweetHUDController.h */ = {isa = PBXFileReference; fileEncoding = 4; lastKnownFileType = sourcecode.c.h; path = TweetHUDController.h; sourceTree = "<group>"; };
		FA908E9A0ECD5D720057CC67 /* TweetHUDController.m */ = {isa = PBXFileReference; fileEncoding = 4; lastKnownFileType = sourcecode.c.objc; path = TweetHUDController.m; sourceTree = "<group>"; };
		FA9685640F96239900572E01 /* TemplateProcessor.h */ = {isa = PBXFileReference; fileEncoding = 4; lastKnownFileType = sourcecode.c.h; path = TemplateProcessor.h; sourceTree = "<group>"; };
		FA9685650F96239900572E01 /* TemplateProcessor.m */ = {isa = PBXFileReference; fileEncoding = 4; lastKnownFileType = sourcecode.c.objc; path = TemplateProcessor.m; sourceTree = "<group>"; };
		FAA9B3B50F939E3500838141 /* WebKit.framework */ = {isa = PBXFileReference; lastKnownFileType = wrapper.framework; name = WebKit.framework; path = /System/Library/Frameworks/WebKit.framework; sourceTree = "<absolute>"; };
		FAA9B3BA0F93A0CA00838141 /* TimelineController.h */ = {isa = PBXFileReference; fileEncoding = 4; lastKnownFileType = sourcecode.c.h; path = TimelineController.h; sourceTree = "<group>"; };
		FAA9B3BB0F93A0CA00838141 /* TimelineController.m */ = {isa = PBXFileReference; fileEncoding = 4; lastKnownFileType = sourcecode.c.objc; path = TimelineController.m; sourceTree = "<group>"; };
		FAA9B3BD0F93A10100838141 /* TimelineWindowController.h */ = {isa = PBXFileReference; fileEncoding = 4; lastKnownFileType = sourcecode.c.h; path = TimelineWindowController.h; sourceTree = "<group>"; };
		FAA9B3BE0F93A10100838141 /* TimelineWindowController.m */ = {isa = PBXFileReference; fileEncoding = 4; lastKnownFileType = sourcecode.c.objc; path = TimelineWindowController.m; sourceTree = "<group>"; };
		FAB1ADA60F9A8D030018507C /* SRCommon.h */ = {isa = PBXFileReference; fileEncoding = 4; lastKnownFileType = sourcecode.c.h; path = SRCommon.h; sourceTree = "<group>"; };
		FAB1ADA70F9A8D030018507C /* SRCommon.m */ = {isa = PBXFileReference; fileEncoding = 4; lastKnownFileType = sourcecode.c.objc; path = SRCommon.m; sourceTree = "<group>"; };
		FAB1ADA80F9A8D030018507C /* SRKeyCodeTransformer.h */ = {isa = PBXFileReference; fileEncoding = 4; lastKnownFileType = sourcecode.c.h; path = SRKeyCodeTransformer.h; sourceTree = "<group>"; };
		FAB1ADA90F9A8D030018507C /* SRKeyCodeTransformer.m */ = {isa = PBXFileReference; fileEncoding = 4; lastKnownFileType = sourcecode.c.objc; path = SRKeyCodeTransformer.m; sourceTree = "<group>"; };
		FAB1ADAA0F9A8D030018507C /* SRRecorderCell.h */ = {isa = PBXFileReference; fileEncoding = 4; lastKnownFileType = sourcecode.c.h; path = SRRecorderCell.h; sourceTree = "<group>"; };
		FAB1ADAB0F9A8D030018507C /* SRRecorderCell.m */ = {isa = PBXFileReference; fileEncoding = 4; lastKnownFileType = sourcecode.c.objc; path = SRRecorderCell.m; sourceTree = "<group>"; };
		FAB1ADAC0F9A8D030018507C /* SRRecorderControl.h */ = {isa = PBXFileReference; fileEncoding = 4; lastKnownFileType = sourcecode.c.h; path = SRRecorderControl.h; sourceTree = "<group>"; };
		FAB1ADAD0F9A8D030018507C /* SRRecorderControl.m */ = {isa = PBXFileReference; fileEncoding = 4; lastKnownFileType = sourcecode.c.objc; path = SRRecorderControl.m; sourceTree = "<group>"; };
		FAB1ADAE0F9A8D030018507C /* SRValidator.h */ = {isa = PBXFileReference; fileEncoding = 4; lastKnownFileType = sourcecode.c.h; path = SRValidator.h; sourceTree = "<group>"; };
		FAB1ADAF0F9A8D030018507C /* SRValidator.m */ = {isa = PBXFileReference; fileEncoding = 4; lastKnownFileType = sourcecode.c.objc; path = SRValidator.m; sourceTree = "<group>"; };
		FAB1ADBD0F9A8D9C0018507C /* ShortcutRecorder.strings */ = {isa = PBXFileReference; fileEncoding = 4; lastKnownFileType = text.plist.strings; path = ShortcutRecorder.strings; sourceTree = "<group>"; };
		FAB1AE9B0F9A8E0C0018507C /* CoreServices.framework */ = {isa = PBXFileReference; lastKnownFileType = wrapper.framework; name = CoreServices.framework; path = /System/Library/Frameworks/CoreServices.framework; sourceTree = "<absolute>"; };
		FAB4CF450F8D565E0005AC0B /* CoreData.framework */ = {isa = PBXFileReference; lastKnownFileType = wrapper.framework; name = CoreData.framework; path = /System/Library/Frameworks/CoreData.framework; sourceTree = "<absolute>"; };
		FABB185C0F8FF1BD003AF1DB /* Warblr.xcdatamodel */ = {isa = PBXFileReference; fileEncoding = 4; lastKnownFileType = wrapper.xcdatamodel; path = Warblr.xcdatamodel; sourceTree = "<group>"; };
		FABDD5970F9A7CC400669D25 /* Shortcuts.preferencePane */ = {isa = PBXFileReference; explicitFileType = wrapper.cfbundle; includeInIndex = 0; path = Shortcuts.preferencePane; sourceTree = BUILT_PRODUCTS_DIR; };
		FABDD5980F9A7CC400669D25 /* Shortcuts-Info.plist */ = {isa = PBXFileReference; lastKnownFileType = text.plist.xml; path = "Shortcuts-Info.plist"; sourceTree = "<group>"; };
		FABDD5BD0F9A7D8D00669D25 /* ShortcutsPrefController.h */ = {isa = PBXFileReference; fileEncoding = 4; lastKnownFileType = sourcecode.c.h; path = ShortcutsPrefController.h; sourceTree = "<group>"; };
		FABDD5BE0F9A7D8D00669D25 /* ShortcutsPrefController.m */ = {isa = PBXFileReference; fileEncoding = 4; lastKnownFileType = sourcecode.c.objc; path = ShortcutsPrefController.m; sourceTree = "<group>"; };
		FABDD5C00F9A7E4C00669D25 /* ShortcutsPrefPane.xib */ = {isa = PBXFileReference; lastKnownFileType = file.xib; path = ShortcutsPrefPane.xib; sourceTree = "<group>"; };
		FAC04D790F8E67DE00449A01 /* TweetManager.h */ = {isa = PBXFileReference; fileEncoding = 4; lastKnownFileType = sourcecode.c.h; path = TweetManager.h; sourceTree = "<group>"; };
		FAC04D7A0F8E67DE00449A01 /* TweetManager.m */ = {isa = PBXFileReference; fileEncoding = 4; lastKnownFileType = sourcecode.c.objc; path = TweetManager.m; sourceTree = "<group>"; };
		FAC2BEC60ECCD69500265115 /* MenuController.h */ = {isa = PBXFileReference; fileEncoding = 4; lastKnownFileType = sourcecode.c.h; path = MenuController.h; sourceTree = "<group>"; };
		FAC2BEC70ECCD69500265115 /* MenuController.m */ = {isa = PBXFileReference; fileEncoding = 4; lastKnownFileType = sourcecode.c.objc; path = MenuController.m; sourceTree = "<group>"; };
		FAC2BEC90ECCD6B200265115 /* TweetHUDWindowController.h */ = {isa = PBXFileReference; fileEncoding = 4; lastKnownFileType = sourcecode.c.h; path = TweetHUDWindowController.h; sourceTree = "<group>"; };
		FAC2BECA0ECCD6B200265115 /* TweetHUDWindowController.m */ = {isa = PBXFileReference; fileEncoding = 4; lastKnownFileType = sourcecode.c.objc; path = TweetHUDWindowController.m; sourceTree = "<group>"; };
		FAC2BF170ECCE72B00265115 /* Sparkle.framework */ = {isa = PBXFileReference; lastKnownFileType = wrapper.framework; path = Sparkle.framework; sourceTree = "<group>"; };
		FAC86C691202E04D002A7E22 /* TweetHUD.xib */ = {isa = PBXFileReference; lastKnownFileType = file.xib; path = TweetHUD.xib; sourceTree = "<group>"; };
		FAC952C30F93EC710011FFE9 /* index.html */ = {isa = PBXFileReference; fileEncoding = 4; lastKnownFileType = text.html; path = index.html; sourceTree = "<group>"; };
		FAC952C50F93EC800011FFE9 /* tweet.html */ = {isa = PBXFileReference; fileEncoding = 4; lastKnownFileType = text.html; path = tweet.html; sourceTree = "<group>"; };
		FAC952C70F93EC8D0011FFE9 /* main.css */ = {isa = PBXFileReference; fileEncoding = 4; lastKnownFileType = text.css; path = main.css; sourceTree = "<group>"; };
		FAC952D20F93ECF90011FFE9 /* Default.warblrTheme */ = {isa = PBXFileReference; explicitFileType = wrapper.cfbundle; includeInIndex = 0; path = Default.warblrTheme; sourceTree = BUILT_PRODUCTS_DIR; };
		FAC952D30F93ECF90011FFE9 /* Default-Info.plist */ = {isa = PBXFileReference; lastKnownFileType = text.plist.xml; path = "Default-Info.plist"; sourceTree = "<group>"; };
		FACC12490EF46CD300D702D1 /* Account.preferencePane */ = {isa = PBXFileReference; explicitFileType = wrapper.cfbundle; includeInIndex = 0; path = Account.preferencePane; sourceTree = BUILT_PRODUCTS_DIR; };
		FACC124A0EF46CD300D702D1 /* Account-Info.plist */ = {isa = PBXFileReference; lastKnownFileType = text.plist.xml; path = "Account-Info.plist"; sourceTree = "<group>"; };
		FACC12630EF46DF000D702D1 /* AccountPrefController.h */ = {isa = PBXFileReference; fileEncoding = 4; lastKnownFileType = sourcecode.c.h; path = AccountPrefController.h; sourceTree = "<group>"; };
		FACC12640EF46DF000D702D1 /* AccountPrefController.m */ = {isa = PBXFileReference; fileEncoding = 4; lastKnownFileType = sourcecode.c.objc; path = AccountPrefController.m; sourceTree = "<group>"; };
		FACC12720EF46EA800D702D1 /* AccountPrefPane.xib */ = {isa = PBXFileReference; lastKnownFileType = file.xib; path = AccountPrefPane.xib; sourceTree = "<group>"; };
		FACEFD510F9E4F96008A88C5 /* DPHotKey.h */ = {isa = PBXFileReference; fileEncoding = 4; lastKnownFileType = sourcecode.c.h; path = DPHotKey.h; sourceTree = "<group>"; };
		FACEFD520F9E4F96008A88C5 /* DPHotKey.m */ = {isa = PBXFileReference; fileEncoding = 4; lastKnownFileType = sourcecode.c.objc; path = DPHotKey.m; sourceTree = "<group>"; };
		FAD4D9A70F99321D00D008DA /* RKLMatchEnumerator.h */ = {isa = PBXFileReference; fileEncoding = 4; lastKnownFileType = sourcecode.c.h; path = RKLMatchEnumerator.h; sourceTree = "<group>"; };
		FAD4D9A80F99321D00D008DA /* RKLMatchEnumerator.m */ = {isa = PBXFileReference; fileEncoding = 4; lastKnownFileType = sourcecode.c.objc; path = RKLMatchEnumerator.m; sourceTree = "<group>"; };
		FAD978BD0EF5875200A0A924 /* AccountDetails.h */ = {isa = PBXFileReference; fileEncoding = 4; lastKnownFileType = sourcecode.c.h; path = AccountDetails.h; sourceTree = "<group>"; };
		FAD978BE0EF5875200A0A924 /* AccountDetails.m */ = {isa = PBXFileReference; fileEncoding = 4; lastKnownFileType = sourcecode.c.objc; path = AccountDetails.m; sourceTree = "<group>"; };
		FAE052750ECA2EB00088D9AC /* libxml2.dylib */ = {isa = PBXFileReference; lastKnownFileType = "compiled.mach-o.dylib"; name = libxml2.dylib; path = /usr/lib/libxml2.dylib; sourceTree = "<absolute>"; };
/* End PBXFileReference section */

/* Begin PBXFrameworksBuildPhase section */
		8D15AC330486D014006FF6A4 /* Frameworks */ = {
			isa = PBXFrameworksBuildPhase;
			buildActionMask = 2147483647;
			files = (
				8D15AC340486D014006FF6A4 /* Cocoa.framework in Frameworks */,
				FA8E1CCD0ECA2CB7003D74C4 /* Carbon.framework in Frameworks */,
				FA8E1CCE0ECA2CB8003D74C4 /* Security.framework in Frameworks */,
				FAE052760ECA2EB00088D9AC /* libxml2.dylib in Frameworks */,
				FAC2BF1A0ECCE72C00265115 /* Sparkle.framework in Frameworks */,
				FA5AA9400EF9A80500391976 /* AutoHyperlinks.framework in Frameworks */,
				FAB4CF460F8D565E0005AC0B /* CoreData.framework in Frameworks */,
				FAA9B3B60F939E3500838141 /* WebKit.framework in Frameworks */,
				FA513BC80F98E3BC00659410 /* libicucore.dylib in Frameworks */,
			);
			runOnlyForDeploymentPostprocessing = 0;
		};
		FABDD5950F9A7CC400669D25 /* Frameworks */ = {
			isa = PBXFrameworksBuildPhase;
			buildActionMask = 2147483647;
			files = (
				FAB1AE990F9A8DFE0018507C /* Carbon.framework in Frameworks */,
				FAB1AE9A0F9A8DFE0018507C /* Cocoa.framework in Frameworks */,
				FAB1AE9C0F9A8E0C0018507C /* CoreServices.framework in Frameworks */,
			);
			runOnlyForDeploymentPostprocessing = 0;
		};
		FACC12470EF46CD300D702D1 /* Frameworks */ = {
			isa = PBXFrameworksBuildPhase;
			buildActionMask = 2147483647;
			files = (
				FACA9A880EF55B550085F34F /* libxml2.dylib in Frameworks */,
				FACA988F0EF522B20085F34F /* Carbon.framework in Frameworks */,
				FACA98900EF522B20085F34F /* Security.framework in Frameworks */,
			);
			runOnlyForDeploymentPostprocessing = 0;
		};
/* End PBXFrameworksBuildPhase section */

/* Begin PBXGroup section */
		19C28FB0FE9D524F11CA2CBB /* Products */ = {
			isa = PBXGroup;
			children = (
				8D15AC370486D014006FF6A4 /* Warblr.app */,
				FACC12490EF46CD300D702D1 /* Account.preferencePane */,
				FAC952D20F93ECF90011FFE9 /* Default.warblrTheme */,
				FABDD5970F9A7CC400669D25 /* Shortcuts.preferencePane */,
			);
			name = Products;
			sourceTree = "<group>";
		};
		2A37F4AAFDCFA73011CA2CEA /* Warblr */ = {
			isa = PBXGroup;
			children = (
				FAC952C10F93EC440011FFE9 /* Themes */,
				FA8E1C990ECA2B7D003D74C4 /* Third Party Classes */,
				2A37F4ABFDCFA73011CA2CEA /* Sources */,
				FACC11520EF4611E00D702D1 /* Preference Panes */,
				2A37F4B8FDCFA73011CA2CEA /* Resources */,
				2A37F4C3FDCFA73011CA2CEA /* Frameworks */,
				19C28FB0FE9D524F11CA2CBB /* Products */,
			);
			name = Warblr;
			sourceTree = "<group>";
		};
		2A37F4ABFDCFA73011CA2CEA /* Sources */ = {
			isa = PBXGroup;
			children = (
				FA4F08570F98BBFE005028B4 /* Tweet Manager */,
				FA9685630F96235D00572E01 /* Templating */,
				FAB4CF2E0F8D55720005AC0B /* Data Models */,
				FA00BBBA0ECCEF0D00D99FE2 /* Custom */,
				FAC2BEC50ECCD66B00265115 /* Application */,
				FA8E1F140ECA2CF0003D74C4 /* Misc */,
			);
			name = Sources;
			sourceTree = "<group>";
		};
		2A37F4B8FDCFA73011CA2CEA /* Resources */ = {
			isa = PBXGroup;
			children = (
				FA5F77020ECCF008005310D4 /* Interface */,
				FA5F76FF0ECCEFFC005310D4 /* Text & Property List */,
			);
			name = Resources;
			sourceTree = "<group>";
		};
		2A37F4C3FDCFA73011CA2CEA /* Frameworks */ = {
			isa = PBXGroup;
			children = (
				FAB1AE9B0F9A8E0C0018507C /* CoreServices.framework */,
				FA513BC70F98E3BC00659410 /* libicucore.dylib */,
				FAA9B3B50F939E3500838141 /* WebKit.framework */,
				FAB4CF450F8D565E0005AC0B /* CoreData.framework */,
				FA5AA93F0EF9A80500391976 /* AutoHyperlinks.framework */,
				FAC2BF170ECCE72B00265115 /* Sparkle.framework */,
				FAE052750ECA2EB00088D9AC /* libxml2.dylib */,
				FA8E1CCB0ECA2CB7003D74C4 /* Carbon.framework */,
				FA8E1CCC0ECA2CB7003D74C4 /* Security.framework */,
				1058C7A7FEA54F5311CA2CBB /* Cocoa.framework */,
			);
			name = Frameworks;
			sourceTree = "<group>";
		};
		FA00BBB50ECCEEE400D99FE2 /* Preferences */ = {
			isa = PBXGroup;
			children = (
				FA00BBB60ECCEEFD00D99FE2 /* SS_PreferencePaneProtocol.h */,
				FA00BBB70ECCEEFD00D99FE2 /* SS_PrefsController.h */,
				FA00BBB80ECCEEFD00D99FE2 /* SS_PrefsController.m */,
			);
			name = Preferences;
			sourceTree = "<group>";
		};
		FA00BBBA0ECCEF0D00D99FE2 /* Custom */ = {
			isa = PBXGroup;
			children = (
				FACEFD5A0F9E521A008A88C5 /* Hot Keys */,
				FA00BBBD0ECCEF2100D99FE2 /* DPLoginItem.h */,
				FA00BBBE0ECCEF2100D99FE2 /* DPLoginItem.m */,
				FA1325960F934C8C00D76C9E /* DPUtility.h */,
				FA1325970F934C8C00D76C9E /* DPUtility.m */,
			);
			name = Custom;
			sourceTree = "<group>";
		};
		FA09BD9F0F8F96A000A6C0DE /* Management */ = {
			isa = PBXGroup;
			children = (
				FA09BD9B0F8F961E00A6C0DE /* DPCoreData.h */,
				FA09BD9C0F8F961E00A6C0DE /* DPCoreData.m */,
			);
			name = Management;
			sourceTree = "<group>";
		};
		FA1326260F9357B900D76C9E /* TweetHUD */ = {
			isa = PBXGroup;
			children = (
				FA4F068A0F989B4D005028B4 /* UI */,
				FA908E990ECD5D720057CC67 /* TweetHUDController.h */,
				FA908E9A0ECD5D720057CC67 /* TweetHUDController.m */,
			);
			name = TweetHUD;
			sourceTree = "<group>";
		};
		FA4F06890F989B43005028B4 /* UI */ = {
			isa = PBXGroup;
			children = (
				FAA9B3BD0F93A10100838141 /* TimelineWindowController.h */,
				FAA9B3BE0F93A10100838141 /* TimelineWindowController.m */,
			);
			name = UI;
			sourceTree = "<group>";
		};
		FA4F068A0F989B4D005028B4 /* UI */ = {
			isa = PBXGroup;
			children = (
				FAC2BEC90ECCD6B200265115 /* TweetHUDWindowController.h */,
				FAC2BECA0ECCD6B200265115 /* TweetHUDWindowController.m */,
			);
			name = UI;
			sourceTree = "<group>";
		};
		FA4F08570F98BBFE005028B4 /* Tweet Manager */ = {
			isa = PBXGroup;
			children = (
				FAC04D790F8E67DE00449A01 /* TweetManager.h */,
				FAC04D7A0F8E67DE00449A01 /* TweetManager.m */,
				FA4F08580F98BC1C005028B4 /* TweetManagerDelegate.h */,
			);
			name = "Tweet Manager";
			sourceTree = "<group>";
		};
		FA513BA40F98E20F00659410 /* Regex */ = {
			isa = PBXGroup;
			children = (
				FAD4D94C0F992EEA00D008DA /* Enumerator */,
				FA513BA50F98E22C00659410 /* RegexKitLite.h */,
				FA513BA60F98E22C00659410 /* RegexKitLite.m */,
			);
			name = Regex;
			sourceTree = "<group>";
		};
		FA5AA9240EF9A76F00391976 /* Other Copyright */ = {
			isa = PBXGroup;
			children = (
				FA5AA9270EF9A79200391976 /* AutoHyperlinks.txt */,
			);
			name = "Other Copyright";
			sourceTree = "<group>";
		};
		FA5F76FF0ECCEFFC005310D4 /* Text & Property List */ = {
			isa = PBXGroup;
			children = (
				FA5AA9240EF9A76F00391976 /* Other Copyright */,
				2A37F4BAFDCFA73011CA2CEA /* Credits.rtf */,
				8D15AC360486D014006FF6A4 /* Info.plist */,
				089C1660FE840EACC02AAC07 /* InfoPlist.strings */,
			);
			name = "Text & Property List";
			sourceTree = "<group>";
		};
		FA5F77020ECCF008005310D4 /* Interface */ = {
			isa = PBXGroup;
			children = (
				FA8C82780ED042F200BF56F9 /* MainMenu.xib */,
				FA1326230F9353F700D76C9E /* TimelineWindow.xib */,
				FAC86C691202E04D002A7E22 /* TweetHUD.xib */,
			);
			name = Interface;
			sourceTree = "<group>";
		};
		FA8E1C990ECA2B7D003D74C4 /* Third Party Classes */ = {
			isa = PBXGroup;
			children = (
				FAB1AD9E0F9A8CCB0018507C /* Shortcut Recorder */,
				FA513BA40F98E20F00659410 /* Regex */,
				FA00BBB50ECCEEE400D99FE2 /* Preferences */,
				FA8E1F150ECA2D17003D74C4 /* Keychain */,
				FA8E1C9A0ECA2B92003D74C4 /* Twitter */,
			);
			name = "Third Party Classes";
			sourceTree = "<group>";
		};
		FA8E1C9A0ECA2B92003D74C4 /* Twitter */ = {
			isa = PBXGroup;
			children = (
				FA8E1C9D0ECA2C75003D74C4 /* MGTwitterEngine.h */,
				FA8E1C9E0ECA2C75003D74C4 /* MGTwitterEngine.m */,
				FA8E1C9F0ECA2C75003D74C4 /* MGTwitterEngineDelegate.h */,
				FA8E1CA00ECA2C75003D74C4 /* MGTwitterEngineGlobalHeader.h */,
				FA8E1CA10ECA2C75003D74C4 /* MGTwitterHTTPURLConnection.h */,
				FA8E1CA20ECA2C75003D74C4 /* MGTwitterHTTPURLConnection.m */,
				FA8E1CA30ECA2C75003D74C4 /* MGTwitterLibXMLParser.h */,
				FA8E1CA40ECA2C75003D74C4 /* MGTwitterLibXMLParser.m */,
				FA8E1CA50ECA2C75003D74C4 /* MGTwitterMessagesLibXMLParser.h */,
				FA8E1CA60ECA2C75003D74C4 /* MGTwitterMessagesLibXMLParser.m */,
				FA8E1CA70ECA2C75003D74C4 /* MGTwitterMessagesParser.h */,
				FA8E1CA80ECA2C75003D74C4 /* MGTwitterMessagesParser.m */,
				FA8E1CA90ECA2C75003D74C4 /* MGTwitterMiscLibXMLParser.h */,
				FA8E1CAA0ECA2C75003D74C4 /* MGTwitterMiscLibXMLParser.m */,
				FA8E1CAB0ECA2C75003D74C4 /* MGTwitterMiscParser.h */,
				FA8E1CAC0ECA2C75003D74C4 /* MGTwitterMiscParser.m */,
				FA8E1CAD0ECA2C75003D74C4 /* MGTwitterParserDelegate.h */,
				FA8E1CAE0ECA2C75003D74C4 /* MGTwitterRequestTypes.h */,
				FA8E1CAF0ECA2C75003D74C4 /* MGTwitterStatusesLibXMLParser.h */,
				FA8E1CB00ECA2C75003D74C4 /* MGTwitterStatusesLibXMLParser.m */,
				FA8E1CB10ECA2C75003D74C4 /* MGTwitterStatusesParser.h */,
				FA8E1CB20ECA2C76003D74C4 /* MGTwitterStatusesParser.m */,
				FA8E1CB30ECA2C76003D74C4 /* MGTwitterUsersLibXMLParser.h */,
				FA8E1CB40ECA2C76003D74C4 /* MGTwitterUsersLibXMLParser.m */,
				FA8E1CB50ECA2C76003D74C4 /* MGTwitterUsersParser.h */,
				FA8E1CB60ECA2C76003D74C4 /* MGTwitterUsersParser.m */,
				FA8E1CB70ECA2C76003D74C4 /* MGTwitterXMLParser.h */,
				FA8E1CB80ECA2C76003D74C4 /* MGTwitterXMLParser.m */,
				FA8E1CB90ECA2C76003D74C4 /* NSData+Base64.h */,
				FA8E1CBA0ECA2C76003D74C4 /* NSData+Base64.m */,
				FA8E1CBB0ECA2C76003D74C4 /* NSString+UUID.h */,
				FA8E1CBC0ECA2C76003D74C4 /* NSString+UUID.m */,
			);
			name = Twitter;
			sourceTree = "<group>";
		};
		FA8E1F140ECA2CF0003D74C4 /* Misc */ = {
			isa = PBXGroup;
			children = (
				32DBCF750370BD2300C91783 /* Warblr_Prefix.pch */,
				2A37F4B0FDCFA73011CA2CEA /* main.m */,
			);
			name = Misc;
			sourceTree = "<group>";
		};
		FA8E1F150ECA2D17003D74C4 /* Keychain */ = {
			isa = PBXGroup;
			children = (
				FA8E1F160ECA2D2E003D74C4 /* EMKeychainItem.h */,
				FA8E1F170ECA2D2E003D74C4 /* EMKeychainItem.m */,
				FA8E1F180ECA2D2E003D74C4 /* EMKeychainProxy.h */,
				FA8E1F190ECA2D2E003D74C4 /* EMKeychainProxy.m */,
			);
			name = Keychain;
			sourceTree = "<group>";
		};
		FA9685630F96235D00572E01 /* Templating */ = {
			isa = PBXGroup;
			children = (
				FA9685640F96239900572E01 /* TemplateProcessor.h */,
				FA9685650F96239900572E01 /* TemplateProcessor.m */,
			);
			name = Templating;
			sourceTree = "<group>";
		};
		FAA9B3B90F93A0B900838141 /* TimelineWindow */ = {
			isa = PBXGroup;
			children = (
				FA4F06890F989B43005028B4 /* UI */,
				FAA9B3BA0F93A0CA00838141 /* TimelineController.h */,
				FAA9B3BB0F93A0CA00838141 /* TimelineController.m */,
			);
			name = TimelineWindow;
			sourceTree = "<group>";
		};
		FAB1AD9E0F9A8CCB0018507C /* Shortcut Recorder */ = {
			isa = PBXGroup;
			children = (
				FAB1ADBD0F9A8D9C0018507C /* ShortcutRecorder.strings */,
				FAB1ADA60F9A8D030018507C /* SRCommon.h */,
				FAB1ADA70F9A8D030018507C /* SRCommon.m */,
				FAB1ADA80F9A8D030018507C /* SRKeyCodeTransformer.h */,
				FAB1ADA90F9A8D030018507C /* SRKeyCodeTransformer.m */,
				FAB1ADAA0F9A8D030018507C /* SRRecorderCell.h */,
				FAB1ADAB0F9A8D030018507C /* SRRecorderCell.m */,
				FAB1ADAC0F9A8D030018507C /* SRRecorderControl.h */,
				FAB1ADAD0F9A8D030018507C /* SRRecorderControl.m */,
				FAB1ADAE0F9A8D030018507C /* SRValidator.h */,
				FAB1ADAF0F9A8D030018507C /* SRValidator.m */,
			);
			name = "Shortcut Recorder";
			sourceTree = "<group>";
		};
		FAB4CF2E0F8D55720005AC0B /* Data Models */ = {
			isa = PBXGroup;
			children = (
				FA09BD9F0F8F96A000A6C0DE /* Management */,
				FABB185C0F8FF1BD003AF1DB /* Warblr.xcdatamodel */,
			);
			name = "Data Models";
			sourceTree = "<group>";
		};
		FABDD58E0F9A7C0900669D25 /* Shortcuts */ = {
			isa = PBXGroup;
			children = (
				FABDD5980F9A7CC400669D25 /* Shortcuts-Info.plist */,
				FABDD5BD0F9A7D8D00669D25 /* ShortcutsPrefController.h */,
				FABDD5BE0F9A7D8D00669D25 /* ShortcutsPrefController.m */,
				FABDD5C00F9A7E4C00669D25 /* ShortcutsPrefPane.xib */,
			);
			name = Shortcuts;
			sourceTree = "<group>";
		};
		FAC2BEC50ECCD66B00265115 /* Application */ = {
			isa = PBXGroup;
			children = (
				FAA9B3B90F93A0B900838141 /* TimelineWindow */,
				FA1326260F9357B900D76C9E /* TweetHUD */,
				FAC2BEC60ECCD69500265115 /* MenuController.h */,
				FAC2BEC70ECCD69500265115 /* MenuController.m */,
				FAD978BD0EF5875200A0A924 /* AccountDetails.h */,
				FAD978BE0EF5875200A0A924 /* AccountDetails.m */,
			);
			name = Application;
			sourceTree = "<group>";
		};
		FAC952C10F93EC440011FFE9 /* Themes */ = {
			isa = PBXGroup;
			children = (
				FAC952C20F93EC4A0011FFE9 /* Default */,
			);
			name = Themes;
			sourceTree = "<group>";
		};
		FAC952C20F93EC4A0011FFE9 /* Default */ = {
			isa = PBXGroup;
			children = (
				FAC952C30F93EC710011FFE9 /* index.html */,
				FAC952C50F93EC800011FFE9 /* tweet.html */,
				FAC952C70F93EC8D0011FFE9 /* main.css */,
				FAC952D30F93ECF90011FFE9 /* Default-Info.plist */,
			);
			name = Default;
			sourceTree = "<group>";
		};
		FACC11520EF4611E00D702D1 /* Preference Panes */ = {
			isa = PBXGroup;
			children = (
				FABDD58E0F9A7C0900669D25 /* Shortcuts */,
				FACC124E0EF46D0B00D702D1 /* Account */,
			);
			name = "Preference Panes";
			sourceTree = "<group>";
		};
		FACC124E0EF46D0B00D702D1 /* Account */ = {
			isa = PBXGroup;
			children = (
				FACC124A0EF46CD300D702D1 /* Account-Info.plist */,
				FACC12630EF46DF000D702D1 /* AccountPrefController.h */,
				FACC12640EF46DF000D702D1 /* AccountPrefController.m */,
				FACC12720EF46EA800D702D1 /* AccountPrefPane.xib */,
			);
			name = Account;
			sourceTree = "<group>";
		};
		FACEFD5A0F9E521A008A88C5 /* Hot Keys */ = {
			isa = PBXGroup;
			children = (
				FACEFD510F9E4F96008A88C5 /* DPHotKey.h */,
				FACEFD520F9E4F96008A88C5 /* DPHotKey.m */,
			);
			name = "Hot Keys";
			sourceTree = "<group>";
		};
		FAD4D94C0F992EEA00D008DA /* Enumerator */ = {
			isa = PBXGroup;
			children = (
				FAD4D9A70F99321D00D008DA /* RKLMatchEnumerator.h */,
				FAD4D9A80F99321D00D008DA /* RKLMatchEnumerator.m */,
			);
			name = Enumerator;
			sourceTree = "<group>";
		};
/* End PBXGroup section */

/* Begin PBXNativeTarget section */
		8D15AC270486D014006FF6A4 /* Warblr */ = {
			isa = PBXNativeTarget;
			buildConfigurationList = C05733C708A9546B00998B17 /* Build configuration list for PBXNativeTarget "Warblr" */;
			buildPhases = (
				8D15AC2B0486D014006FF6A4 /* Resources */,
				8D15AC300486D014006FF6A4 /* Sources */,
				8D15AC330486D014006FF6A4 /* Frameworks */,
				FAC2BF900ECCE75C00265115 /* Copy Frameworks */,
				FAC2BF920ECCE78900265115 /* Run Script */,
				FACC117E0EF4622F00D702D1 /* Copy Preference Panes */,
				FAC952CD0F93ECE00011FFE9 /* Copy Themes */,
			);
			buildRules = (
			);
			dependencies = (
				FACC127B0EF46F9500D702D1 /* PBXTargetDependency */,
				FAC952DD0F93ED670011FFE9 /* PBXTargetDependency */,
				FABDD5BB0F9A7D6000669D25 /* PBXTargetDependency */,
			);
			name = Warblr;
			productInstallPath = "$(HOME)/Applications";
			productName = Warblr;
			productReference = 8D15AC370486D014006FF6A4 /* Warblr.app */;
			productType = "com.apple.product-type.application";
		};
		FABDD5960F9A7CC400669D25 /* Shortcuts */ = {
			isa = PBXNativeTarget;
			buildConfigurationList = FABDD59C0F9A7CC800669D25 /* Build configuration list for PBXNativeTarget "Shortcuts" */;
			buildPhases = (
				FABDD5930F9A7CC400669D25 /* Resources */,
				FABDD5940F9A7CC400669D25 /* Sources */,
				FABDD5950F9A7CC400669D25 /* Frameworks */,
			);
			buildRules = (
			);
			dependencies = (
			);
			name = Shortcuts;
			productName = Shortcuts;
			productReference = FABDD5970F9A7CC400669D25 /* Shortcuts.preferencePane */;
			productType = "com.apple.product-type.bundle";
		};
		FAC952D10F93ECF90011FFE9 /* Default */ = {
			isa = PBXNativeTarget;
			buildConfigurationList = FAC952D60F93ECFD0011FFE9 /* Build configuration list for PBXNativeTarget "Default" */;
			buildPhases = (
				FAC952CE0F93ECF90011FFE9 /* Resources */,
			);
			buildRules = (
			);
			dependencies = (
			);
			name = Default;
			productName = Default;
			productReference = FAC952D20F93ECF90011FFE9 /* Default.warblrTheme */;
			productType = "com.apple.product-type.bundle";
		};
		FACC12480EF46CD300D702D1 /* Account */ = {
			isa = PBXNativeTarget;
			buildConfigurationList = FACC124D0EF46CD600D702D1 /* Build configuration list for PBXNativeTarget "Account" */;
			buildPhases = (
				FACC12450EF46CD300D702D1 /* Resources */,
				FACC12460EF46CD300D702D1 /* Sources */,
				FACC12470EF46CD300D702D1 /* Frameworks */,
			);
			buildRules = (
			);
			dependencies = (
			);
			name = Account;
			productName = Account;
			productReference = FACC12490EF46CD300D702D1 /* Account.preferencePane */;
			productType = "com.apple.product-type.bundle";
		};
/* End PBXNativeTarget section */

/* Begin PBXProject section */
		2A37F4A9FDCFA73011CA2CEA /* Project object */ = {
			isa = PBXProject;
			attributes = {
				LastUpgradeCheck = 0410;
			};
			buildConfigurationList = C05733CB08A9546B00998B17 /* Build configuration list for PBXProject "Warblr" */;
			compatibilityVersion = "Xcode 3.2";
			developmentRegion = English;
			hasScannedForEncodings = 1;
			knownRegions = (
				English,
				Japanese,
				French,
				German,
			);
			mainGroup = 2A37F4AAFDCFA73011CA2CEA /* Warblr */;
			projectDirPath = "";
			projectRoot = "";
			targets = (
				8D15AC270486D014006FF6A4 /* Warblr */,
				FACC12480EF46CD300D702D1 /* Account */,
				FAC952D10F93ECF90011FFE9 /* Default */,
				FABDD5960F9A7CC400669D25 /* Shortcuts */,
			);
		};
/* End PBXProject section */

/* Begin PBXResourcesBuildPhase section */
		8D15AC2B0486D014006FF6A4 /* Resources */ = {
			isa = PBXResourcesBuildPhase;
			buildActionMask = 2147483647;
			files = (
				FAE052910ECA2F6E0088D9AC /* Credits.rtf in Resources */,
				FAE052920ECA2F7A0088D9AC /* InfoPlist.strings in Resources */,
				FA8C82790ED042F200BF56F9 /* MainMenu.xib in Resources */,
				FA1326240F9353F700D76C9E /* TimelineWindow.xib in Resources */,
				FAC86C6A1202E04D002A7E22 /* TweetHUD.xib in Resources */,
			);
			runOnlyForDeploymentPostprocessing = 0;
		};
		FABDD5930F9A7CC400669D25 /* Resources */ = {
			isa = PBXResourcesBuildPhase;
			buildActionMask = 2147483647;
			files = (
				FABDD5C10F9A7E4C00669D25 /* ShortcutsPrefPane.xib in Resources */,
				FAB1ADBE0F9A8D9C0018507C /* ShortcutRecorder.strings in Resources */,
			);
			runOnlyForDeploymentPostprocessing = 0;
		};
		FAC952CE0F93ECF90011FFE9 /* Resources */ = {
			isa = PBXResourcesBuildPhase;
			buildActionMask = 2147483647;
			files = (
				FAC952D70F93ED470011FFE9 /* index.html in Resources */,
				FAC952D80F93ED470011FFE9 /* tweet.html in Resources */,
				FAC952D90F93ED470011FFE9 /* main.css in Resources */,
			);
			runOnlyForDeploymentPostprocessing = 0;
		};
		FACC12450EF46CD300D702D1 /* Resources */ = {
			isa = PBXResourcesBuildPhase;
			buildActionMask = 2147483647;
			files = (
				FACC12730EF46EA800D702D1 /* AccountPrefPane.xib in Resources */,
			);
			runOnlyForDeploymentPostprocessing = 0;
		};
/* End PBXResourcesBuildPhase section */

/* Begin PBXShellScriptBuildPhase section */
		FAC2BF920ECCE78900265115 /* Run Script */ = {
			isa = PBXShellScriptBuildPhase;
			buildActionMask = 2147483647;
			files = (
			);
			inputPaths = (
			);
			name = "Run Script";
			outputPaths = (
			);
			runOnlyForDeploymentPostprocessing = 0;
			shellPath = /bin/sh;
			shellScript = "rm -fR \"${CONFIGURATION_BUILD_DIR}/${WRAPPER_NAME}/Contents/Frameworks/BGHUDAppKit.framework/Versions/Current/Resources\"";
		};
/* End PBXShellScriptBuildPhase section */

/* Begin PBXSourcesBuildPhase section */
		8D15AC300486D014006FF6A4 /* Sources */ = {
			isa = PBXSourcesBuildPhase;
			buildActionMask = 2147483647;
			files = (
				8D15AC320486D014006FF6A4 /* main.m in Sources */,
				FA8E1CBD0ECA2C76003D74C4 /* MGTwitterEngine.m in Sources */,
				FA8E1CBE0ECA2C76003D74C4 /* MGTwitterHTTPURLConnection.m in Sources */,
				FA8E1CBF0ECA2C76003D74C4 /* MGTwitterLibXMLParser.m in Sources */,
				FA8E1CC00ECA2C76003D74C4 /* MGTwitterMessagesLibXMLParser.m in Sources */,
				FA8E1CC10ECA2C76003D74C4 /* MGTwitterMessagesParser.m in Sources */,
				FA8E1CC20ECA2C76003D74C4 /* MGTwitterMiscLibXMLParser.m in Sources */,
				FA8E1CC30ECA2C76003D74C4 /* MGTwitterMiscParser.m in Sources */,
				FA8E1CC40ECA2C76003D74C4 /* MGTwitterStatusesLibXMLParser.m in Sources */,
				FA8E1CC50ECA2C76003D74C4 /* MGTwitterStatusesParser.m in Sources */,
				FA8E1CC60ECA2C76003D74C4 /* MGTwitterUsersLibXMLParser.m in Sources */,
				FA8E1CC70ECA2C76003D74C4 /* MGTwitterUsersParser.m in Sources */,
				FA8E1CC80ECA2C76003D74C4 /* MGTwitterXMLParser.m in Sources */,
				FA8E1CC90ECA2C76003D74C4 /* NSData+Base64.m in Sources */,
				FA8E1CCA0ECA2C76003D74C4 /* NSString+UUID.m in Sources */,
				FA8E1F1A0ECA2D2E003D74C4 /* EMKeychainItem.m in Sources */,
				FA8E1F1B0ECA2D2E003D74C4 /* EMKeychainProxy.m in Sources */,
				FAC2BEC80ECCD69500265115 /* MenuController.m in Sources */,
				FAC2BECB0ECCD6B200265115 /* TweetHUDWindowController.m in Sources */,
				FA00BBB90ECCEEFD00D99FE2 /* SS_PrefsController.m in Sources */,
				FA00BBC00ECCEF2100D99FE2 /* DPLoginItem.m in Sources */,
				FA908E9B0ECD5D720057CC67 /* TweetHUDController.m in Sources */,
				FAD978BF0EF5875200A0A924 /* AccountDetails.m in Sources */,
				FAC04D7B0F8E67DE00449A01 /* TweetManager.m in Sources */,
				FA09BD9D0F8F961E00A6C0DE /* DPCoreData.m in Sources */,
				FABB185D0F8FF1BD003AF1DB /* Warblr.xcdatamodel in Sources */,
				FA1325980F934C8C00D76C9E /* DPUtility.m in Sources */,
				FAA9B3BC0F93A0CA00838141 /* TimelineController.m in Sources */,
				FAA9B3BF0F93A10100838141 /* TimelineWindowController.m in Sources */,
				FA9685660F96239900572E01 /* TemplateProcessor.m in Sources */,
				FA513BA70F98E22C00659410 /* RegexKitLite.m in Sources */,
				FAD4D9A90F99321D00D008DA /* RKLMatchEnumerator.m in Sources */,
				FACEFD530F9E4F96008A88C5 /* DPHotKey.m in Sources */,
			);
			runOnlyForDeploymentPostprocessing = 0;
		};
		FABDD5940F9A7CC400669D25 /* Sources */ = {
			isa = PBXSourcesBuildPhase;
			buildActionMask = 2147483647;
			files = (
				FABDD5BF0F9A7D8D00669D25 /* ShortcutsPrefController.m in Sources */,
				FAB1ADB10F9A8D030018507C /* SRCommon.m in Sources */,
				FAB1ADB20F9A8D030018507C /* SRKeyCodeTransformer.m in Sources */,
				FAB1ADB30F9A8D030018507C /* SRRecorderCell.m in Sources */,
				FAB1ADB40F9A8D030018507C /* SRRecorderControl.m in Sources */,
				FAB1ADB50F9A8D030018507C /* SRValidator.m in Sources */,
			);
			runOnlyForDeploymentPostprocessing = 0;
		};
		FACC12460EF46CD300D702D1 /* Sources */ = {
			isa = PBXSourcesBuildPhase;
			buildActionMask = 2147483647;
			files = (
				FAD978D10EF58E2200A0A924 /* AccountDetails.m in Sources */,
				FACA98930EF522BF0085F34F /* EMKeychainItem.m in Sources */,
				FACA98940EF522BF0085F34F /* EMKeychainProxy.m in Sources */,
				FACC12650EF46DF000D702D1 /* AccountPrefController.m in Sources */,
				FACA9A660EF55B120085F34F /* MGTwitterEngine.m in Sources */,
				FACA9A6A0EF55B120085F34F /* MGTwitterHTTPURLConnection.m in Sources */,
				FACA9A6C0EF55B120085F34F /* MGTwitterLibXMLParser.m in Sources */,
				FACA9A6E0EF55B120085F34F /* MGTwitterMessagesLibXMLParser.m in Sources */,
				FACA9A700EF55B120085F34F /* MGTwitterMessagesParser.m in Sources */,
				FACA9A720EF55B120085F34F /* MGTwitterMiscLibXMLParser.m in Sources */,
				FACA9A740EF55B120085F34F /* MGTwitterMiscParser.m in Sources */,
				FACA9A780EF55B120085F34F /* MGTwitterStatusesLibXMLParser.m in Sources */,
				FACA9A7A0EF55B120085F34F /* MGTwitterStatusesParser.m in Sources */,
				FACA9A7C0EF55B120085F34F /* MGTwitterUsersLibXMLParser.m in Sources */,
				FACA9A7E0EF55B120085F34F /* MGTwitterUsersParser.m in Sources */,
				FACA9A800EF55B120085F34F /* MGTwitterXMLParser.m in Sources */,
				FACA9A820EF55B120085F34F /* NSData+Base64.m in Sources */,
				FACA9A840EF55B120085F34F /* NSString+UUID.m in Sources */,
			);
			runOnlyForDeploymentPostprocessing = 0;
		};
/* End PBXSourcesBuildPhase section */

/* Begin PBXTargetDependency section */
		FABDD5BB0F9A7D6000669D25 /* PBXTargetDependency */ = {
			isa = PBXTargetDependency;
			target = FABDD5960F9A7CC400669D25 /* Shortcuts */;
			targetProxy = FABDD5BA0F9A7D6000669D25 /* PBXContainerItemProxy */;
		};
		FAC952DD0F93ED670011FFE9 /* PBXTargetDependency */ = {
			isa = PBXTargetDependency;
			target = FAC952D10F93ECF90011FFE9 /* Default */;
			targetProxy = FAC952DC0F93ED670011FFE9 /* PBXContainerItemProxy */;
		};
		FACC127B0EF46F9500D702D1 /* PBXTargetDependency */ = {
			isa = PBXTargetDependency;
			target = FACC12480EF46CD300D702D1 /* Account */;
			targetProxy = FACC127A0EF46F9500D702D1 /* PBXContainerItemProxy */;
		};
/* End PBXTargetDependency section */

/* Begin XCBuildConfiguration section */
		C05733C808A9546B00998B17 /* Debug */ = {
			isa = XCBuildConfiguration;
			buildSettings = {
				ALWAYS_SEARCH_USER_PATHS = NO;
				COPY_PHASE_STRIP = NO;
				FRAMEWORK_SEARCH_PATHS = (
					"$(inherited)",
					"\"$(SRCROOT)\"",
				);
				GCC_DYNAMIC_NO_PIC = NO;
				GCC_MODEL_TUNING = G5;
				GCC_OPTIMIZATION_LEVEL = 0;
				GCC_PRECOMPILE_PREFIX_HEADER = YES;
				GCC_PREFIX_HEADER = Warblr_Prefix.pch;
				INFOPLIST_FILE = Info.plist;
				INSTALL_PATH = "$(HOME)/Applications";
				PRODUCT_NAME = Warblr;
			};
			name = Debug;
		};
		C05733C908A9546B00998B17 /* Release */ = {
			isa = XCBuildConfiguration;
			buildSettings = {
				ALWAYS_SEARCH_USER_PATHS = NO;
				DEBUG_INFORMATION_FORMAT = "dwarf-with-dsym";
				FRAMEWORK_SEARCH_PATHS = (
					"$(inherited)",
					"\"$(SRCROOT)\"",
				);
				GCC_MODEL_TUNING = G5;
				GCC_PRECOMPILE_PREFIX_HEADER = YES;
				GCC_PREFIX_HEADER = Warblr_Prefix.pch;
				INFOPLIST_FILE = Info.plist;
				INSTALL_PATH = "$(HOME)/Applications";
				PRODUCT_NAME = Warblr;
			};
			name = Release;
		};
		C05733CC08A9546B00998B17 /* Debug */ = {
			isa = XCBuildConfiguration;
			buildSettings = {
				ARCHS = "$(ARCHS_STANDARD_32_64_BIT)";
				GCC_C_LANGUAGE_STANDARD = c99;
				GCC_OPTIMIZATION_LEVEL = 0;
				GCC_WARN_ABOUT_RETURN_TYPE = YES;
				GCC_WARN_UNUSED_VARIABLE = YES;
				HEADER_SEARCH_PATHS = "/usr/include/libxml2/**";
				ONLY_ACTIVE_ARCH = NO;
				PRODUCT_NAME = Warblr;
				SDKROOT = macosx10.6;
			};
			name = Debug;
		};
		C05733CD08A9546B00998B17 /* Release */ = {
			isa = XCBuildConfiguration;
			buildSettings = {
				ARCHS = "$(ARCHS_STANDARD_32_64_BIT)";
				GCC_C_LANGUAGE_STANDARD = c99;
				GCC_WARN_ABOUT_RETURN_TYPE = YES;
				GCC_WARN_UNUSED_VARIABLE = YES;
				HEADER_SEARCH_PATHS = "/usr/include/libxml2/**";
				ONLY_ACTIVE_ARCH = NO;
				PRODUCT_NAME = Warblr;
				SDKROOT = macosx10.6;
			};
			name = Release;
		};
		FABDD59A0F9A7CC700669D25 /* Debug */ = {
			isa = XCBuildConfiguration;
			buildSettings = {
				ALWAYS_SEARCH_USER_PATHS = NO;
				COPY_PHASE_STRIP = NO;
				GCC_DYNAMIC_NO_PIC = NO;
				GCC_MODEL_TUNING = G5;
				GCC_OPTIMIZATION_LEVEL = 0;
				GCC_PRECOMPILE_PREFIX_HEADER = YES;
				GCC_PREFIX_HEADER = "$(SYSTEM_LIBRARY_DIR)/Frameworks/AppKit.framework/Headers/AppKit.h";
				GCC_WARN_ABOUT_DEPRECATED_FUNCTIONS = NO;
				INFOPLIST_FILE = "Shortcuts-Info.plist";
				INSTALL_PATH = "$(HOME)/Library/Bundles";
				OTHER_LDFLAGS = (
					"-framework",
					Foundation,
					"-framework",
					AppKit,
				);
				PRODUCT_NAME = Shortcuts;
				WRAPPER_EXTENSION = preferencePane;
			};
			name = Debug;
		};
		FABDD59B0F9A7CC700669D25 /* Release */ = {
			isa = XCBuildConfiguration;
			buildSettings = {
				ALWAYS_SEARCH_USER_PATHS = NO;
				COPY_PHASE_STRIP = YES;
				DEBUG_INFORMATION_FORMAT = "dwarf-with-dsym";
				GCC_MODEL_TUNING = G5;
				GCC_PRECOMPILE_PREFIX_HEADER = YES;
				GCC_PREFIX_HEADER = "$(SYSTEM_LIBRARY_DIR)/Frameworks/AppKit.framework/Headers/AppKit.h";
				INFOPLIST_FILE = "Shortcuts-Info.plist";
				INSTALL_PATH = "$(HOME)/Library/Bundles";
				OTHER_LDFLAGS = (
					"-framework",
					Foundation,
					"-framework",
					AppKit,
				);
				PRODUCT_NAME = Shortcuts;
				WRAPPER_EXTENSION = bundle;
				ZERO_LINK = NO;
			};
			name = Release;
		};
		FAC952D40F93ECFD0011FFE9 /* Debug */ = {
			isa = XCBuildConfiguration;
			buildSettings = {
				ALWAYS_SEARCH_USER_PATHS = NO;
				COPY_PHASE_STRIP = NO;
				GCC_DYNAMIC_NO_PIC = NO;
				GCC_MODEL_TUNING = G5;
				GCC_OPTIMIZATION_LEVEL = 0;
				GCC_PRECOMPILE_PREFIX_HEADER = YES;
				GCC_PREFIX_HEADER = "$(SYSTEM_LIBRARY_DIR)/Frameworks/AppKit.framework/Headers/AppKit.h";
				INFOPLIST_FILE = "Default-Info.plist";
				INSTALL_PATH = "$(HOME)/Library/Bundles";
				OTHER_LDFLAGS = (
					"-framework",
					Foundation,
					"-framework",
					AppKit,
				);
				PRODUCT_NAME = Default;
				WRAPPER_EXTENSION = warblrTheme;
			};
			name = Debug;
		};
		FAC952D50F93ECFD0011FFE9 /* Release */ = {
			isa = XCBuildConfiguration;
			buildSettings = {
				ALWAYS_SEARCH_USER_PATHS = NO;
				COPY_PHASE_STRIP = YES;
				DEBUG_INFORMATION_FORMAT = "dwarf-with-dsym";
				GCC_MODEL_TUNING = G5;
				GCC_PRECOMPILE_PREFIX_HEADER = YES;
				GCC_PREFIX_HEADER = "$(SYSTEM_LIBRARY_DIR)/Frameworks/AppKit.framework/Headers/AppKit.h";
				INFOPLIST_FILE = "Default-Info.plist";
				INSTALL_PATH = "$(HOME)/Library/Bundles";
				OTHER_LDFLAGS = (
					"-framework",
					Foundation,
					"-framework",
					AppKit,
				);
				PRODUCT_NAME = Default;
				WRAPPER_EXTENSION = bundle;
				ZERO_LINK = NO;
			};
			name = Release;
		};
		FACC124B0EF46CD600D702D1 /* Debug */ = {
			isa = XCBuildConfiguration;
			buildSettings = {
				ALWAYS_SEARCH_USER_PATHS = NO;
				COPY_PHASE_STRIP = NO;
				GCC_DYNAMIC_NO_PIC = NO;
				GCC_MODEL_TUNING = G5;
				GCC_OPTIMIZATION_LEVEL = 0;
				GCC_PRECOMPILE_PREFIX_HEADER = YES;
				GCC_PREFIX_HEADER = "$(SYSTEM_LIBRARY_DIR)/Frameworks/AppKit.framework/Headers/AppKit.h";
				INFOPLIST_FILE = "Account-Info.plist";
				INSTALL_PATH = "$(HOME)/Library/Bundles";
				OTHER_LDFLAGS = (
					"-framework",
					Foundation,
					"-framework",
					AppKit,
				);
				PRODUCT_NAME = Account;
				WRAPPER_EXTENSION = preferencePane;
			};
			name = Debug;
		};
		FACC124C0EF46CD600D702D1 /* Release */ = {
			isa = XCBuildConfiguration;
			buildSettings = {
				ALWAYS_SEARCH_USER_PATHS = NO;
				COPY_PHASE_STRIP = YES;
				DEBUG_INFORMATION_FORMAT = "dwarf-with-dsym";
				GCC_MODEL_TUNING = G5;
				GCC_PRECOMPILE_PREFIX_HEADER = YES;
				GCC_PREFIX_HEADER = "$(SYSTEM_LIBRARY_DIR)/Frameworks/AppKit.framework/Headers/AppKit.h";
				INFOPLIST_FILE = "Account-Info.plist";
				INSTALL_PATH = "$(HOME)/Library/Bundles";
				OTHER_LDFLAGS = (
					"-framework",
					Foundation,
					"-framework",
					AppKit,
				);
				PRODUCT_NAME = Account;
				WRAPPER_EXTENSION = preferencePane;
				ZERO_LINK = NO;
			};
			name = Release;
		};
/* End XCBuildConfiguration section */

/* Begin XCConfigurationList section */
		C05733C708A9546B00998B17 /* Build configuration list for PBXNativeTarget "Warblr" */ = {
			isa = XCConfigurationList;
			buildConfigurations = (
				C05733C808A9546B00998B17 /* Debug */,
				C05733C908A9546B00998B17 /* Release */,
			);
			defaultConfigurationIsVisible = 0;
			defaultConfigurationName = Release;
		};
		C05733CB08A9546B00998B17 /* Build configuration list for PBXProject "Warblr" */ = {
			isa = XCConfigurationList;
			buildConfigurations = (
				C05733CC08A9546B00998B17 /* Debug */,
				C05733CD08A9546B00998B17 /* Release */,
			);
			defaultConfigurationIsVisible = 0;
			defaultConfigurationName = Release;
		};
		FABDD59C0F9A7CC800669D25 /* Build configuration list for PBXNativeTarget "Shortcuts" */ = {
			isa = XCConfigurationList;
			buildConfigurations = (
				FABDD59A0F9A7CC700669D25 /* Debug */,
				FABDD59B0F9A7CC700669D25 /* Release */,
			);
			defaultConfigurationIsVisible = 0;
			defaultConfigurationName = Release;
		};
		FAC952D60F93ECFD0011FFE9 /* Build configuration list for PBXNativeTarget "Default" */ = {
			isa = XCConfigurationList;
			buildConfigurations = (
				FAC952D40F93ECFD0011FFE9 /* Debug */,
				FAC952D50F93ECFD0011FFE9 /* Release */,
			);
			defaultConfigurationIsVisible = 0;
			defaultConfigurationName = Release;
		};
		FACC124D0EF46CD600D702D1 /* Build configuration list for PBXNativeTarget "Account" */ = {
			isa = XCConfigurationList;
			buildConfigurations = (
				FACC124B0EF46CD600D702D1 /* Debug */,
				FACC124C0EF46CD600D702D1 /* Release */,
			);
			defaultConfigurationIsVisible = 0;
			defaultConfigurationName = Release;
		};
/* End XCConfigurationList section */
	};
	rootObject = 2A37F4A9FDCFA73011CA2CEA /* Project object */;
}
